// !$*UTF8*$!
{
	archiveVersion = 1;
	classes = {
	};
	objectVersion = 51;
	objects = {

/* Begin PBXBuildFile section */
		4119D297247F9CCB00F895BE /* lanch-bg.png in Resources */ = {isa = PBXBuildFile; fileRef = 4119D296247F9CCA00F895BE /* lanch-bg.png */; };
		4119D299247F9CFB00F895BE /* Launch Screen.storyboard in Resources */ = {isa = PBXBuildFile; fileRef = 4119D298247F9CFB00F895BE /* Launch Screen.storyboard */; };
		413284322470EE6700BE462F /* DemoTHSortViewController.m in Sources */ = {isa = PBXBuildFile; fileRef = 413284312470EE6700BE462F /* DemoTHSortViewController.m */; };
		413284352470EEB500BE462F /* DemoTHCommonTableController.m in Sources */ = {isa = PBXBuildFile; fileRef = 413284342470EEB500BE462F /* DemoTHCommonTableController.m */; };
		413284382470EEDB00BE462F /* DemoTHFormViewController.m in Sources */ = {isa = PBXBuildFile; fileRef = 413284372470EEDB00BE462F /* DemoTHFormViewController.m */; };
		4132843A2470F46F00BE462F /* DemoMenu.json in Resources */ = {isa = PBXBuildFile; fileRef = 413284392470F46F00BE462F /* DemoMenu.json */; };
		41358AF72479E16600166E79 /* CombinationListController.m in Sources */ = {isa = PBXBuildFile; fileRef = 41358AF62479E16600166E79 /* CombinationListController.m */; };
		4140FDD4247BBA770033CB91 /* DemoTHPresentViewController.m in Sources */ = {isa = PBXBuildFile; fileRef = 4140FDD3247BBA770033CB91 /* DemoTHPresentViewController.m */; };
		4140FDD6247BBF200033CB91 /* th-base-del.png in Resources */ = {isa = PBXBuildFile; fileRef = 4140FDD5247BBF200033CB91 /* th-base-del.png */; };
		41776FF42481004A0006AE91 /* THTextFieldView.m in Sources */ = {isa = PBXBuildFile; fileRef = 41776FF32481004A0006AE91 /* THTextFieldView.m */; };
		41776FF7248101EE0006AE91 /* DemoTHTextFiledViewController.m in Sources */ = {isa = PBXBuildFile; fileRef = 41776FF6248101EE0006AE91 /* DemoTHTextFiledViewController.m */; };
		41A02AC02477CB0300478CBE /* THArrowCell.png in Resources */ = {isa = PBXBuildFile; fileRef = 41A02ABF2477CB0200478CBE /* THArrowCell.png */; };
		41A5695E247629B300E4D668 /* DemoMenuController.m in Sources */ = {isa = PBXBuildFile; fileRef = 41A5695D247629B300E4D668 /* DemoMenuController.m */; };
		41A5696124765E6800E4D668 /* DemoBaseController.m in Sources */ = {isa = PBXBuildFile; fileRef = 41A5696024765E6800E4D668 /* DemoBaseController.m */; };
		41A569642476649F00E4D668 /* THMessageView.png in Resources */ = {isa = PBXBuildFile; fileRef = 41A569632476649F00E4D668 /* THMessageView.png */; };
		41A5696924767A5D00E4D668 /* THTextFieldPicker.png in Resources */ = {isa = PBXBuildFile; fileRef = 41A5696824767A5D00E4D668 /* THTextFieldPicker.png */; };
		41BDD9B32474BC010045D552 /* DemoNavController.m in Sources */ = {isa = PBXBuildFile; fileRef = 41BDD9B22474BC010045D552 /* DemoNavController.m */; };
		41BDD9B92474BE4B0045D552 /* DemoTHTextFieldController.m in Sources */ = {isa = PBXBuildFile; fileRef = 41BDD9B82474BE4B0045D552 /* DemoTHTextFieldController.m */; };
		41BDD9BC2474C5E60045D552 /* DemoTHTextFieldPickerController.m in Sources */ = {isa = PBXBuildFile; fileRef = 41BDD9BB2474C5E60045D552 /* DemoTHTextFieldPickerController.m */; };
		41BFBC4E247576E0006BFE7A /* DemoTHMessageViewController.m in Sources */ = {isa = PBXBuildFile; fileRef = 41BFBC4D247576E0006BFE7A /* DemoTHMessageViewController.m */; };
		41BFBC512475771F006BFE7A /* DemoTHArrowCellController.m in Sources */ = {isa = PBXBuildFile; fileRef = 41BFBC502475771F006BFE7A /* DemoTHArrowCellController.m */; };
		41BFBC5424757737006BFE7A /* DemoTHScreenViewController.m in Sources */ = {isa = PBXBuildFile; fileRef = 41BFBC5324757737006BFE7A /* DemoTHScreenViewController.m */; };
		41C5B9722470AC2500446DB4 /* AppDelegate.m in Sources */ = {isa = PBXBuildFile; fileRef = 41C5B9712470AC2500446DB4 /* AppDelegate.m */; };
		41C5B97D2470AC3200446DB4 /* Assets.xcassets in Resources */ = {isa = PBXBuildFile; fileRef = 41C5B97C2470AC3200446DB4 /* Assets.xcassets */; };
		41C5B9832470AC3200446DB4 /* main.m in Sources */ = {isa = PBXBuildFile; fileRef = 41C5B9822470AC3200446DB4 /* main.m */; };
		41C5B9902470C89A00446DB4 /* DemoTabController.m in Sources */ = {isa = PBXBuildFile; fileRef = 41C5B98F2470C89A00446DB4 /* DemoTabController.m */; };
		41CD7E552484A8DE00D6A608 /* THTextView.m in Sources */ = {isa = PBXBuildFile; fileRef = 41CD7E542484A8DE00D6A608 /* THTextView.m */; };
		41CDAA012473CB72008899A0 /* NSLayoutConstraint+MASDebugAdditions.m in Sources */ = {isa = PBXBuildFile; fileRef = 41CDA9E92473CB71008899A0 /* NSLayoutConstraint+MASDebugAdditions.m */; };
		41CDAA022473CB72008899A0 /* ViewController+MASAdditions.m in Sources */ = {isa = PBXBuildFile; fileRef = 41CDA9F22473CB71008899A0 /* ViewController+MASAdditions.m */; };
		41CDAA032473CB72008899A0 /* MASCompositeConstraint.m in Sources */ = {isa = PBXBuildFile; fileRef = 41CDA9F62473CB71008899A0 /* MASCompositeConstraint.m */; };
		41CDAA042473CB72008899A0 /* MASConstraintMaker.m in Sources */ = {isa = PBXBuildFile; fileRef = 41CDA9F72473CB71008899A0 /* MASConstraintMaker.m */; };
		41CDAA052473CB72008899A0 /* MASLayoutConstraint.m in Sources */ = {isa = PBXBuildFile; fileRef = 41CDA9F82473CB71008899A0 /* MASLayoutConstraint.m */; };
		41CDAA062473CB72008899A0 /* NSArray+MASAdditions.m in Sources */ = {isa = PBXBuildFile; fileRef = 41CDA9F92473CB71008899A0 /* NSArray+MASAdditions.m */; };
		41CDAA072473CB72008899A0 /* View+MASAdditions.m in Sources */ = {isa = PBXBuildFile; fileRef = 41CDA9FA2473CB71008899A0 /* View+MASAdditions.m */; };
		41CDAA082473CB72008899A0 /* MASConstraint.m in Sources */ = {isa = PBXBuildFile; fileRef = 41CDA9FD2473CB71008899A0 /* MASConstraint.m */; };
		41CDAA092473CB72008899A0 /* MASViewConstraint.m in Sources */ = {isa = PBXBuildFile; fileRef = 41CDA9FF2473CB71008899A0 /* MASViewConstraint.m */; };
		41CDAA0A2473CB72008899A0 /* MASViewAttribute.m in Sources */ = {isa = PBXBuildFile; fileRef = 41CDAA002473CB71008899A0 /* MASViewAttribute.m */; };
		41CDAA8D2473CC15008899A0 /* THSortView.m in Sources */ = {isa = PBXBuildFile; fileRef = 41CDAA0F2473CC15008899A0 /* THSortView.m */; };
		41CDAA8F2473CC15008899A0 /* th-arrow@3x.png in Resources */ = {isa = PBXBuildFile; fileRef = 41CDAA152473CC15008899A0 /* th-arrow@3x.png */; };
		41CDAA902473CC15008899A0 /* th-arrow@2x.png in Resources */ = {isa = PBXBuildFile; fileRef = 41CDAA162473CC15008899A0 /* th-arrow@2x.png */; };
		41CDAA912473CC15008899A0 /* NSString+THFormPredicate.m in Sources */ = {isa = PBXBuildFile; fileRef = 41CDAA192473CC15008899A0 /* NSString+THFormPredicate.m */; };
		41CDAA922473CC15008899A0 /* THFormView.m in Sources */ = {isa = PBXBuildFile; fileRef = 41CDAA1D2473CC15008899A0 /* THFormView.m */; };
		41CDAA932473CC15008899A0 /* THFormBaseM.m in Sources */ = {isa = PBXBuildFile; fileRef = 41CDAA202473CC15008899A0 /* THFormBaseM.m */; };
		41CDAA942473CC15008899A0 /* THFormDateM.m in Sources */ = {isa = PBXBuildFile; fileRef = 41CDAA212473CC15008899A0 /* THFormDateM.m */; };
		41CDAA952473CC15008899A0 /* THFormSwitchM.m in Sources */ = {isa = PBXBuildFile; fileRef = 41CDAA232473CC15008899A0 /* THFormSwitchM.m */; };
		41CDAA962473CC15008899A0 /* THFormTextM.m in Sources */ = {isa = PBXBuildFile; fileRef = 41CDAA242473CC15008899A0 /* THFormTextM.m */; };
		41CDAA972473CC15008899A0 /* THFormSelectM.m in Sources */ = {isa = PBXBuildFile; fileRef = 41CDAA272473CC15008899A0 /* THFormSelectM.m */; };
		41CDAA982473CC16008899A0 /* THFormImageM.m in Sources */ = {isa = PBXBuildFile; fileRef = 41CDAA292473CC15008899A0 /* THFormImageM.m */; };
		41CDAA992473CC16008899A0 /* THFormBaseCell.m in Sources */ = {isa = PBXBuildFile; fileRef = 41CDAA2C2473CC15008899A0 /* THFormBaseCell.m */; };
		41CDAA9A2473CC16008899A0 /* THFormImageCell.m in Sources */ = {isa = PBXBuildFile; fileRef = 41CDAA2E2473CC15008899A0 /* THFormImageCell.m */; };
		41CDAA9B2473CC16008899A0 /* THFormSwitchCell.m in Sources */ = {isa = PBXBuildFile; fileRef = 41CDAA2F2473CC15008899A0 /* THFormSwitchCell.m */; };
		41CDAA9C2473CC16008899A0 /* THFormSelectCell.m in Sources */ = {isa = PBXBuildFile; fileRef = 41CDAA302473CC15008899A0 /* THFormSelectCell.m */; };
		41CDAA9D2473CC16008899A0 /* THFormTextCell.m in Sources */ = {isa = PBXBuildFile; fileRef = 41CDAA312473CC15008899A0 /* THFormTextCell.m */; };
		41CDAA9E2473CC16008899A0 /* THFormDateCell.m in Sources */ = {isa = PBXBuildFile; fileRef = 41CDAA362473CC15008899A0 /* THFormDateCell.m */; };
		41CDAAA02473CC16008899A0 /* THImagePreview.m in Sources */ = {isa = PBXBuildFile; fileRef = 41CDAA3C2473CC15008899A0 /* THImagePreview.m */; };
		41CDAAA12473CC16008899A0 /* THScreenView.m in Sources */ = {isa = PBXBuildFile; fileRef = 41CDAA422473CC15008899A0 /* THScreenView.m */; };
		41CDAAA22473CC16008899A0 /* THScreenSelectM.m in Sources */ = {isa = PBXBuildFile; fileRef = 41CDAA462473CC15008899A0 /* THScreenSelectM.m */; };
		41CDAAA32473CC16008899A0 /* THScreenMultiSelectM.m in Sources */ = {isa = PBXBuildFile; fileRef = 41CDAA472473CC15008899A0 /* THScreenMultiSelectM.m */; };
		41CDAAA42473CC16008899A0 /* THScreenDateM.m in Sources */ = {isa = PBXBuildFile; fileRef = 41CDAA4A2473CC15008899A0 /* THScreenDateM.m */; };
		41CDAAA52473CC16008899A0 /* THScreenBaseM.m in Sources */ = {isa = PBXBuildFile; fileRef = 41CDAA4B2473CC15008899A0 /* THScreenBaseM.m */; };
		41CDAAA62473CC16008899A0 /* THScreenTextM.m in Sources */ = {isa = PBXBuildFile; fileRef = 41CDAA4D2473CC15008899A0 /* THScreenTextM.m */; };
		41CDAAA72473CC16008899A0 /* THScreenCardM.m in Sources */ = {isa = PBXBuildFile; fileRef = 41CDAA4F2473CC15008899A0 /* THScreenCardM.m */; };
		41CDAAA82473CC16008899A0 /* THScreenTextCell.m in Sources */ = {isa = PBXBuildFile; fileRef = 41CDAA522473CC15008899A0 /* THScreenTextCell.m */; };
		41CDAAA92473CC16008899A0 /* THScreenMultiSelectCell.m in Sources */ = {isa = PBXBuildFile; fileRef = 41CDAA542473CC15008899A0 /* THScreenMultiSelectCell.m */; };
		41CDAAAA2473CC16008899A0 /* THScreenBaseCell.m in Sources */ = {isa = PBXBuildFile; fileRef = 41CDAA552473CC15008899A0 /* THScreenBaseCell.m */; };
		41CDAAAB2473CC16008899A0 /* THScreenSelectCell.m in Sources */ = {isa = PBXBuildFile; fileRef = 41CDAA572473CC15008899A0 /* THScreenSelectCell.m */; };
		41CDAAAC2473CC16008899A0 /* THScreenCardCell.m in Sources */ = {isa = PBXBuildFile; fileRef = 41CDAA592473CC15008899A0 /* THScreenCardCell.m */; };
		41CDAAAD2473CC16008899A0 /* THScreenDateCell.m in Sources */ = {isa = PBXBuildFile; fileRef = 41CDAA5C2473CC15008899A0 /* THScreenDateCell.m */; };
		41CDAAAE2473CC16008899A0 /* THTextFieldPicker.m in Sources */ = {isa = PBXBuildFile; fileRef = 41CDAA5F2473CC15008899A0 /* THTextFieldPicker.m */; };
		41CDAAAF2473CC16008899A0 /* THDateFieldPicker.m in Sources */ = {isa = PBXBuildFile; fileRef = 41CDAA602473CC15008899A0 /* THDateFieldPicker.m */; };
		41CDAAB02473CC16008899A0 /* THTextField.m in Sources */ = {isa = PBXBuildFile; fileRef = 41CDAA642473CC15008899A0 /* THTextField.m */; };
		41CDAAB12473CC16008899A0 /* THKitConfig.m in Sources */ = {isa = PBXBuildFile; fileRef = 41CDAA662473CC15008899A0 /* THKitConfig.m */; };
		41CDAAB32473CC16008899A0 /* THArrowCell.m in Sources */ = {isa = PBXBuildFile; fileRef = 41CDAA6C2473CC15008899A0 /* THArrowCell.m */; };
		41CDAAB42473CC16008899A0 /* THMessageView.m in Sources */ = {isa = PBXBuildFile; fileRef = 41CDAA6E2473CC15008899A0 /* THMessageView.m */; };
		41CDAAB52473CC16008899A0 /* THCardView.m in Sources */ = {isa = PBXBuildFile; fileRef = 41CDAA702473CC15008899A0 /* THCardView.m */; };
		41CDAAB62473CC16008899A0 /* THCardLabel.m in Sources */ = {isa = PBXBuildFile; fileRef = 41CDAA732473CC15008899A0 /* THCardLabel.m */; };
		41CDAAB72473CC16008899A0 /* ThCommonCell.m in Sources */ = {isa = PBXBuildFile; fileRef = 41CDAA752473CC15008899A0 /* ThCommonCell.m */; };
		41CDAAB82473CC16008899A0 /* THCommonConfigM.m in Sources */ = {isa = PBXBuildFile; fileRef = 41CDAA762473CC15008899A0 /* THCommonConfigM.m */; };
		41CDAAB92473CC16008899A0 /* THCommonCellBut.m in Sources */ = {isa = PBXBuildFile; fileRef = 41CDAA772473CC15008899A0 /* THCommonCellBut.m */; };
		41CDAABA2473CC16008899A0 /* THCommonTable.m in Sources */ = {isa = PBXBuildFile; fileRef = 41CDAA782473CC15008899A0 /* THCommonTable.m */; };
		41CDAABB2473CC16008899A0 /* THDataPresentView.m in Sources */ = {isa = PBXBuildFile; fileRef = 41CDAA802473CC15008899A0 /* THDataPresentView.m */; };
		41CDAABC2473CC16008899A0 /* THDataM.m in Sources */ = {isa = PBXBuildFile; fileRef = 41CDAA822473CC15008899A0 /* THDataM.m */; };
		41CDAABD2473CC16008899A0 /* THDataSectionHead.m in Sources */ = {isa = PBXBuildFile; fileRef = 41CDAA862473CC15008899A0 /* THDataSectionHead.m */; };
		41CDAABE2473CC16008899A0 /* THDataImagesCell.m in Sources */ = {isa = PBXBuildFile; fileRef = 41CDAA882473CC15008899A0 /* THDataImagesCell.m */; };
		41CDAABF2473CC16008899A0 /* THDataImageCell.m in Sources */ = {isa = PBXBuildFile; fileRef = 41CDAA8A2473CC15008899A0 /* THDataImageCell.m */; };
		41CDAAC02473CC16008899A0 /* THDataTextCell.m in Sources */ = {isa = PBXBuildFile; fileRef = 41CDAA8B2473CC15008899A0 /* THDataTextCell.m */; };
		41CDAAC92473CC9F008899A0 /* SDPhotoBrowser.m in Sources */ = {isa = PBXBuildFile; fileRef = 41CDAAC32473CC9F008899A0 /* SDPhotoBrowser.m */; };
		41CDAACA2473CC9F008899A0 /* SDWaitingView.m in Sources */ = {isa = PBXBuildFile; fileRef = 41CDAAC42473CC9F008899A0 /* SDWaitingView.m */; };
		41CDAACB2473CC9F008899A0 /* SDBrowserImageView.m in Sources */ = {isa = PBXBuildFile; fileRef = 41CDAAC52473CC9F008899A0 /* SDBrowserImageView.m */; };
		41CDAACD2473EBBA008899A0 /* th-base-sort.png in Resources */ = {isa = PBXBuildFile; fileRef = 41CDAACC2473EBBA008899A0 /* th-base-sort.png */; };
		41CDAACF2473EBC2008899A0 /* th-base-sortH.png in Resources */ = {isa = PBXBuildFile; fileRef = 41CDAACE2473EBC2008899A0 /* th-base-sortH.png */; };
		87A62CCCAF9EF9E2570492B5 /* libPods-THKitProject.a in Frameworks */ = {isa = PBXBuildFile; fileRef = 92182227E49BA00F14AFC4A3 /* libPods-THKitProject.a */; };
/* End PBXBuildFile section */

/* Begin PBXFileReference section */
		0670FE79D79167B2EE9B2D2F /* Pods-THKitProject.debug.xcconfig */ = {isa = PBXFileReference; includeInIndex = 1; lastKnownFileType = text.xcconfig; name = "Pods-THKitProject.debug.xcconfig"; path = "Target Support Files/Pods-THKitProject/Pods-THKitProject.debug.xcconfig"; sourceTree = "<group>"; };
		078C8A25D8A8C030AEE3C339 /* Pods-THKitProject.release.xcconfig */ = {isa = PBXFileReference; includeInIndex = 1; lastKnownFileType = text.xcconfig; name = "Pods-THKitProject.release.xcconfig"; path = "Target Support Files/Pods-THKitProject/Pods-THKitProject.release.xcconfig"; sourceTree = "<group>"; };
		4119D296247F9CCA00F895BE /* lanch-bg.png */ = {isa = PBXFileReference; lastKnownFileType = image.png; path = "lanch-bg.png"; sourceTree = "<group>"; };
		4119D298247F9CFB00F895BE /* Launch Screen.storyboard */ = {isa = PBXFileReference; lastKnownFileType = file.storyboard; path = "Launch Screen.storyboard"; sourceTree = "<group>"; };
		413284302470EE6700BE462F /* DemoTHSortViewController.h */ = {isa = PBXFileReference; lastKnownFileType = sourcecode.c.h; path = DemoTHSortViewController.h; sourceTree = "<group>"; };
		413284312470EE6700BE462F /* DemoTHSortViewController.m */ = {isa = PBXFileReference; lastKnownFileType = sourcecode.c.objc; path = DemoTHSortViewController.m; sourceTree = "<group>"; };
		413284332470EEB500BE462F /* DemoTHCommonTableController.h */ = {isa = PBXFileReference; lastKnownFileType = sourcecode.c.h; path = DemoTHCommonTableController.h; sourceTree = "<group>"; };
		413284342470EEB500BE462F /* DemoTHCommonTableController.m */ = {isa = PBXFileReference; lastKnownFileType = sourcecode.c.objc; path = DemoTHCommonTableController.m; sourceTree = "<group>"; };
		413284362470EEDB00BE462F /* DemoTHFormViewController.h */ = {isa = PBXFileReference; lastKnownFileType = sourcecode.c.h; path = DemoTHFormViewController.h; sourceTree = "<group>"; };
		413284372470EEDB00BE462F /* DemoTHFormViewController.m */ = {isa = PBXFileReference; lastKnownFileType = sourcecode.c.objc; path = DemoTHFormViewController.m; sourceTree = "<group>"; };
		413284392470F46F00BE462F /* DemoMenu.json */ = {isa = PBXFileReference; fileEncoding = 4; lastKnownFileType = text.json; path = DemoMenu.json; sourceTree = "<group>"; };
		41358AF52479E16600166E79 /* CombinationListController.h */ = {isa = PBXFileReference; lastKnownFileType = sourcecode.c.h; path = CombinationListController.h; sourceTree = "<group>"; };
		41358AF62479E16600166E79 /* CombinationListController.m */ = {isa = PBXFileReference; lastKnownFileType = sourcecode.c.objc; path = CombinationListController.m; sourceTree = "<group>"; };
		4140FDD2247BBA770033CB91 /* DemoTHPresentViewController.h */ = {isa = PBXFileReference; lastKnownFileType = sourcecode.c.h; path = DemoTHPresentViewController.h; sourceTree = "<group>"; };
		4140FDD3247BBA770033CB91 /* DemoTHPresentViewController.m */ = {isa = PBXFileReference; lastKnownFileType = sourcecode.c.objc; path = DemoTHPresentViewController.m; sourceTree = "<group>"; };
		4140FDD5247BBF200033CB91 /* th-base-del.png */ = {isa = PBXFileReference; lastKnownFileType = image.png; path = "th-base-del.png"; sourceTree = "<group>"; };
		41776FF22481004A0006AE91 /* THTextFieldView.h */ = {isa = PBXFileReference; lastKnownFileType = sourcecode.c.h; path = THTextFieldView.h; sourceTree = "<group>"; };
		41776FF32481004A0006AE91 /* THTextFieldView.m */ = {isa = PBXFileReference; lastKnownFileType = sourcecode.c.objc; path = THTextFieldView.m; sourceTree = "<group>"; };
		41776FF5248101EE0006AE91 /* DemoTHTextFiledViewController.h */ = {isa = PBXFileReference; lastKnownFileType = sourcecode.c.h; path = DemoTHTextFiledViewController.h; sourceTree = "<group>"; };
		41776FF6248101EE0006AE91 /* DemoTHTextFiledViewController.m */ = {isa = PBXFileReference; lastKnownFileType = sourcecode.c.objc; path = DemoTHTextFiledViewController.m; sourceTree = "<group>"; };
		41A02ABF2477CB0200478CBE /* THArrowCell.png */ = {isa = PBXFileReference; lastKnownFileType = image.png; path = THArrowCell.png; sourceTree = "<group>"; };
		41A5695C247629B300E4D668 /* DemoMenuController.h */ = {isa = PBXFileReference; lastKnownFileType = sourcecode.c.h; path = DemoMenuController.h; sourceTree = "<group>"; };
		41A5695D247629B300E4D668 /* DemoMenuController.m */ = {isa = PBXFileReference; lastKnownFileType = sourcecode.c.objc; path = DemoMenuController.m; sourceTree = "<group>"; };
		41A5695F24765E6800E4D668 /* DemoBaseController.h */ = {isa = PBXFileReference; lastKnownFileType = sourcecode.c.h; path = DemoBaseController.h; sourceTree = "<group>"; };
		41A5696024765E6800E4D668 /* DemoBaseController.m */ = {isa = PBXFileReference; lastKnownFileType = sourcecode.c.objc; path = DemoBaseController.m; sourceTree = "<group>"; };
		41A569632476649F00E4D668 /* THMessageView.png */ = {isa = PBXFileReference; lastKnownFileType = image.png; path = THMessageView.png; sourceTree = "<group>"; };
		41A5696824767A5D00E4D668 /* THTextFieldPicker.png */ = {isa = PBXFileReference; lastKnownFileType = image.png; path = THTextFieldPicker.png; sourceTree = "<group>"; };
		41BDD9B12474BC010045D552 /* DemoNavController.h */ = {isa = PBXFileReference; lastKnownFileType = sourcecode.c.h; path = DemoNavController.h; sourceTree = "<group>"; };
		41BDD9B22474BC010045D552 /* DemoNavController.m */ = {isa = PBXFileReference; lastKnownFileType = sourcecode.c.objc; path = DemoNavController.m; sourceTree = "<group>"; };
		41BDD9B72474BE4B0045D552 /* DemoTHTextFieldController.h */ = {isa = PBXFileReference; lastKnownFileType = sourcecode.c.h; path = DemoTHTextFieldController.h; sourceTree = "<group>"; };
		41BDD9B82474BE4B0045D552 /* DemoTHTextFieldController.m */ = {isa = PBXFileReference; lastKnownFileType = sourcecode.c.objc; path = DemoTHTextFieldController.m; sourceTree = "<group>"; };
		41BDD9BA2474C5E60045D552 /* DemoTHTextFieldPickerController.h */ = {isa = PBXFileReference; lastKnownFileType = sourcecode.c.h; path = DemoTHTextFieldPickerController.h; sourceTree = "<group>"; };
		41BDD9BB2474C5E60045D552 /* DemoTHTextFieldPickerController.m */ = {isa = PBXFileReference; lastKnownFileType = sourcecode.c.objc; path = DemoTHTextFieldPickerController.m; sourceTree = "<group>"; };
		41BFBC4C247576E0006BFE7A /* DemoTHMessageViewController.h */ = {isa = PBXFileReference; lastKnownFileType = sourcecode.c.h; path = DemoTHMessageViewController.h; sourceTree = "<group>"; };
		41BFBC4D247576E0006BFE7A /* DemoTHMessageViewController.m */ = {isa = PBXFileReference; lastKnownFileType = sourcecode.c.objc; path = DemoTHMessageViewController.m; sourceTree = "<group>"; };
		41BFBC4F2475771F006BFE7A /* DemoTHArrowCellController.h */ = {isa = PBXFileReference; lastKnownFileType = sourcecode.c.h; path = DemoTHArrowCellController.h; sourceTree = "<group>"; };
		41BFBC502475771F006BFE7A /* DemoTHArrowCellController.m */ = {isa = PBXFileReference; lastKnownFileType = sourcecode.c.objc; path = DemoTHArrowCellController.m; sourceTree = "<group>"; };
		41BFBC5224757737006BFE7A /* DemoTHScreenViewController.h */ = {isa = PBXFileReference; lastKnownFileType = sourcecode.c.h; path = DemoTHScreenViewController.h; sourceTree = "<group>"; };
		41BFBC5324757737006BFE7A /* DemoTHScreenViewController.m */ = {isa = PBXFileReference; lastKnownFileType = sourcecode.c.objc; path = DemoTHScreenViewController.m; sourceTree = "<group>"; };
		41C5B96D2470AC2500446DB4 /* THKitProject.app */ = {isa = PBXFileReference; explicitFileType = wrapper.application; includeInIndex = 0; path = THKitProject.app; sourceTree = BUILT_PRODUCTS_DIR; };
		41C5B9702470AC2500446DB4 /* AppDelegate.h */ = {isa = PBXFileReference; lastKnownFileType = sourcecode.c.h; path = AppDelegate.h; sourceTree = "<group>"; };
		41C5B9712470AC2500446DB4 /* AppDelegate.m */ = {isa = PBXFileReference; lastKnownFileType = sourcecode.c.objc; path = AppDelegate.m; sourceTree = "<group>"; };
		41C5B97C2470AC3200446DB4 /* Assets.xcassets */ = {isa = PBXFileReference; lastKnownFileType = folder.assetcatalog; path = Assets.xcassets; sourceTree = "<group>"; };
		41C5B9812470AC3200446DB4 /* Info.plist */ = {isa = PBXFileReference; lastKnownFileType = text.plist.xml; path = Info.plist; sourceTree = "<group>"; };
		41C5B9822470AC3200446DB4 /* main.m */ = {isa = PBXFileReference; lastKnownFileType = sourcecode.c.objc; path = main.m; sourceTree = "<group>"; };
		41C5B98E2470C89A00446DB4 /* DemoTabController.h */ = {isa = PBXFileReference; lastKnownFileType = sourcecode.c.h; path = DemoTabController.h; sourceTree = "<group>"; };
		41C5B98F2470C89A00446DB4 /* DemoTabController.m */ = {isa = PBXFileReference; lastKnownFileType = sourcecode.c.objc; path = DemoTabController.m; sourceTree = "<group>"; };
		41CD7E532484A8DE00D6A608 /* THTextView.h */ = {isa = PBXFileReference; lastKnownFileType = sourcecode.c.h; path = THTextView.h; sourceTree = "<group>"; };
		41CD7E542484A8DE00D6A608 /* THTextView.m */ = {isa = PBXFileReference; lastKnownFileType = sourcecode.c.objc; path = THTextView.m; sourceTree = "<group>"; };
		41CDA9E82473CB71008899A0 /* MASCompositeConstraint.h */ = {isa = PBXFileReference; fileEncoding = 4; lastKnownFileType = sourcecode.c.h; path = MASCompositeConstraint.h; sourceTree = "<group>"; };
		41CDA9E92473CB71008899A0 /* NSLayoutConstraint+MASDebugAdditions.m */ = {isa = PBXFileReference; fileEncoding = 4; lastKnownFileType = sourcecode.c.objc; path = "NSLayoutConstraint+MASDebugAdditions.m"; sourceTree = "<group>"; };
		41CDA9EA2473CB71008899A0 /* MASConstraint+Private.h */ = {isa = PBXFileReference; fileEncoding = 4; lastKnownFileType = sourcecode.c.h; path = "MASConstraint+Private.h"; sourceTree = "<group>"; };
		41CDA9EB2473CB71008899A0 /* MASLayoutConstraint.h */ = {isa = PBXFileReference; fileEncoding = 4; lastKnownFileType = sourcecode.c.h; path = MASLayoutConstraint.h; sourceTree = "<group>"; };
		41CDA9EC2473CB71008899A0 /* NSArray+MASShorthandAdditions.h */ = {isa = PBXFileReference; fileEncoding = 4; lastKnownFileType = sourcecode.c.h; path = "NSArray+MASShorthandAdditions.h"; sourceTree = "<group>"; };
		41CDA9ED2473CB71008899A0 /* MASConstraintMaker.h */ = {isa = PBXFileReference; fileEncoding = 4; lastKnownFileType = sourcecode.c.h; path = MASConstraintMaker.h; sourceTree = "<group>"; };
		41CDA9EE2473CB71008899A0 /* View+MASAdditions.h */ = {isa = PBXFileReference; fileEncoding = 4; lastKnownFileType = sourcecode.c.h; path = "View+MASAdditions.h"; sourceTree = "<group>"; };
		41CDA9EF2473CB71008899A0 /* NSArray+MASAdditions.h */ = {isa = PBXFileReference; fileEncoding = 4; lastKnownFileType = sourcecode.c.h; path = "NSArray+MASAdditions.h"; sourceTree = "<group>"; };
		41CDA9F02473CB71008899A0 /* MASUtilities.h */ = {isa = PBXFileReference; fileEncoding = 4; lastKnownFileType = sourcecode.c.h; path = MASUtilities.h; sourceTree = "<group>"; };
		41CDA9F12473CB71008899A0 /* MASViewAttribute.h */ = {isa = PBXFileReference; fileEncoding = 4; lastKnownFileType = sourcecode.c.h; path = MASViewAttribute.h; sourceTree = "<group>"; };
		41CDA9F22473CB71008899A0 /* ViewController+MASAdditions.m */ = {isa = PBXFileReference; fileEncoding = 4; lastKnownFileType = sourcecode.c.objc; path = "ViewController+MASAdditions.m"; sourceTree = "<group>"; };
		41CDA9F32473CB71008899A0 /* MASViewConstraint.h */ = {isa = PBXFileReference; fileEncoding = 4; lastKnownFileType = sourcecode.c.h; path = MASViewConstraint.h; sourceTree = "<group>"; };
		41CDA9F42473CB71008899A0 /* MASConstraint.h */ = {isa = PBXFileReference; fileEncoding = 4; lastKnownFileType = sourcecode.c.h; path = MASConstraint.h; sourceTree = "<group>"; };
		41CDA9F52473CB71008899A0 /* NSLayoutConstraint+MASDebugAdditions.h */ = {isa = PBXFileReference; fileEncoding = 4; lastKnownFileType = sourcecode.c.h; path = "NSLayoutConstraint+MASDebugAdditions.h"; sourceTree = "<group>"; };
		41CDA9F62473CB71008899A0 /* MASCompositeConstraint.m */ = {isa = PBXFileReference; fileEncoding = 4; lastKnownFileType = sourcecode.c.objc; path = MASCompositeConstraint.m; sourceTree = "<group>"; };
		41CDA9F72473CB71008899A0 /* MASConstraintMaker.m */ = {isa = PBXFileReference; fileEncoding = 4; lastKnownFileType = sourcecode.c.objc; path = MASConstraintMaker.m; sourceTree = "<group>"; };
		41CDA9F82473CB71008899A0 /* MASLayoutConstraint.m */ = {isa = PBXFileReference; fileEncoding = 4; lastKnownFileType = sourcecode.c.objc; path = MASLayoutConstraint.m; sourceTree = "<group>"; };
		41CDA9F92473CB71008899A0 /* NSArray+MASAdditions.m */ = {isa = PBXFileReference; fileEncoding = 4; lastKnownFileType = sourcecode.c.objc; path = "NSArray+MASAdditions.m"; sourceTree = "<group>"; };
		41CDA9FA2473CB71008899A0 /* View+MASAdditions.m */ = {isa = PBXFileReference; fileEncoding = 4; lastKnownFileType = sourcecode.c.objc; path = "View+MASAdditions.m"; sourceTree = "<group>"; };
		41CDA9FB2473CB71008899A0 /* View+MASShorthandAdditions.h */ = {isa = PBXFileReference; fileEncoding = 4; lastKnownFileType = sourcecode.c.h; path = "View+MASShorthandAdditions.h"; sourceTree = "<group>"; };
		41CDA9FC2473CB71008899A0 /* Masonry.h */ = {isa = PBXFileReference; fileEncoding = 4; lastKnownFileType = sourcecode.c.h; path = Masonry.h; sourceTree = "<group>"; };
		41CDA9FD2473CB71008899A0 /* MASConstraint.m */ = {isa = PBXFileReference; fileEncoding = 4; lastKnownFileType = sourcecode.c.objc; path = MASConstraint.m; sourceTree = "<group>"; };
		41CDA9FE2473CB71008899A0 /* ViewController+MASAdditions.h */ = {isa = PBXFileReference; fileEncoding = 4; lastKnownFileType = sourcecode.c.h; path = "ViewController+MASAdditions.h"; sourceTree = "<group>"; };
		41CDA9FF2473CB71008899A0 /* MASViewConstraint.m */ = {isa = PBXFileReference; fileEncoding = 4; lastKnownFileType = sourcecode.c.objc; path = MASViewConstraint.m; sourceTree = "<group>"; };
		41CDAA002473CB71008899A0 /* MASViewAttribute.m */ = {isa = PBXFileReference; fileEncoding = 4; lastKnownFileType = sourcecode.c.objc; path = MASViewAttribute.m; sourceTree = "<group>"; };
		41CDAA0B2473CB8F008899A0 /* Globle-pch.pch */ = {isa = PBXFileReference; fileEncoding = 4; lastKnownFileType = sourcecode.c.h; path = "Globle-pch.pch"; sourceTree = "<group>"; };
		41CDAA0E2473CC15008899A0 /* THSortView.h */ = {isa = PBXFileReference; fileEncoding = 4; lastKnownFileType = sourcecode.c.h; path = THSortView.h; sourceTree = "<group>"; };
		41CDAA0F2473CC15008899A0 /* THSortView.m */ = {isa = PBXFileReference; fileEncoding = 4; lastKnownFileType = sourcecode.c.objc; path = THSortView.m; sourceTree = "<group>"; };
		41CDAA152473CC15008899A0 /* th-arrow@3x.png */ = {isa = PBXFileReference; lastKnownFileType = image.png; path = "th-arrow@3x.png"; sourceTree = "<group>"; };
		41CDAA162473CC15008899A0 /* th-arrow@2x.png */ = {isa = PBXFileReference; lastKnownFileType = image.png; path = "th-arrow@2x.png"; sourceTree = "<group>"; };
		41CDAA192473CC15008899A0 /* NSString+THFormPredicate.m */ = {isa = PBXFileReference; fileEncoding = 4; lastKnownFileType = sourcecode.c.objc; path = "NSString+THFormPredicate.m"; sourceTree = "<group>"; };
		41CDAA1A2473CC15008899A0 /* NSString+THFormPredicate.h */ = {isa = PBXFileReference; fileEncoding = 4; lastKnownFileType = sourcecode.c.h; path = "NSString+THFormPredicate.h"; sourceTree = "<group>"; };
		41CDAA1C2473CC15008899A0 /* THFormView.h */ = {isa = PBXFileReference; fileEncoding = 4; lastKnownFileType = sourcecode.c.h; path = THFormView.h; sourceTree = "<group>"; };
		41CDAA1D2473CC15008899A0 /* THFormView.m */ = {isa = PBXFileReference; fileEncoding = 4; lastKnownFileType = sourcecode.c.objc; path = THFormView.m; sourceTree = "<group>"; };
		41CDAA1F2473CC15008899A0 /* THFormSelectM.h */ = {isa = PBXFileReference; fileEncoding = 4; lastKnownFileType = sourcecode.c.h; path = THFormSelectM.h; sourceTree = "<group>"; };
		41CDAA202473CC15008899A0 /* THFormBaseM.m */ = {isa = PBXFileReference; fileEncoding = 4; lastKnownFileType = sourcecode.c.objc; path = THFormBaseM.m; sourceTree = "<group>"; };
		41CDAA212473CC15008899A0 /* THFormDateM.m */ = {isa = PBXFileReference; fileEncoding = 4; lastKnownFileType = sourcecode.c.objc; path = THFormDateM.m; sourceTree = "<group>"; };
		41CDAA222473CC15008899A0 /* THFormImageM.h */ = {isa = PBXFileReference; fileEncoding = 4; lastKnownFileType = sourcecode.c.h; path = THFormImageM.h; sourceTree = "<group>"; };
		41CDAA232473CC15008899A0 /* THFormSwitchM.m */ = {isa = PBXFileReference; fileEncoding = 4; lastKnownFileType = sourcecode.c.objc; path = THFormSwitchM.m; sourceTree = "<group>"; };
		41CDAA242473CC15008899A0 /* THFormTextM.m */ = {isa = PBXFileReference; fileEncoding = 4; lastKnownFileType = sourcecode.c.objc; path = THFormTextM.m; sourceTree = "<group>"; };
		41CDAA252473CC15008899A0 /* THFormDateM.h */ = {isa = PBXFileReference; fileEncoding = 4; lastKnownFileType = sourcecode.c.h; path = THFormDateM.h; sourceTree = "<group>"; };
		41CDAA262473CC15008899A0 /* THFormBaseM.h */ = {isa = PBXFileReference; fileEncoding = 4; lastKnownFileType = sourcecode.c.h; path = THFormBaseM.h; sourceTree = "<group>"; };
		41CDAA272473CC15008899A0 /* THFormSelectM.m */ = {isa = PBXFileReference; fileEncoding = 4; lastKnownFileType = sourcecode.c.objc; path = THFormSelectM.m; sourceTree = "<group>"; };
		41CDAA282473CC15008899A0 /* THFormSwitchM.h */ = {isa = PBXFileReference; fileEncoding = 4; lastKnownFileType = sourcecode.c.h; path = THFormSwitchM.h; sourceTree = "<group>"; };
		41CDAA292473CC15008899A0 /* THFormImageM.m */ = {isa = PBXFileReference; fileEncoding = 4; lastKnownFileType = sourcecode.c.objc; path = THFormImageM.m; sourceTree = "<group>"; };
		41CDAA2A2473CC15008899A0 /* THFormTextM.h */ = {isa = PBXFileReference; fileEncoding = 4; lastKnownFileType = sourcecode.c.h; path = THFormTextM.h; sourceTree = "<group>"; };
		41CDAA2C2473CC15008899A0 /* THFormBaseCell.m */ = {isa = PBXFileReference; fileEncoding = 4; lastKnownFileType = sourcecode.c.objc; path = THFormBaseCell.m; sourceTree = "<group>"; };
		41CDAA2D2473CC15008899A0 /* THFormDateCell.h */ = {isa = PBXFileReference; fileEncoding = 4; lastKnownFileType = sourcecode.c.h; path = THFormDateCell.h; sourceTree = "<group>"; };
		41CDAA2E2473CC15008899A0 /* THFormImageCell.m */ = {isa = PBXFileReference; fileEncoding = 4; lastKnownFileType = sourcecode.c.objc; path = THFormImageCell.m; sourceTree = "<group>"; };
		41CDAA2F2473CC15008899A0 /* THFormSwitchCell.m */ = {isa = PBXFileReference; fileEncoding = 4; lastKnownFileType = sourcecode.c.objc; path = THFormSwitchCell.m; sourceTree = "<group>"; };
		41CDAA302473CC15008899A0 /* THFormSelectCell.m */ = {isa = PBXFileReference; fileEncoding = 4; lastKnownFileType = sourcecode.c.objc; path = THFormSelectCell.m; sourceTree = "<group>"; };
		41CDAA312473CC15008899A0 /* THFormTextCell.m */ = {isa = PBXFileReference; fileEncoding = 4; lastKnownFileType = sourcecode.c.objc; path = THFormTextCell.m; sourceTree = "<group>"; };
		41CDAA322473CC15008899A0 /* THFormBaseCell.h */ = {isa = PBXFileReference; fileEncoding = 4; lastKnownFileType = sourcecode.c.h; path = THFormBaseCell.h; sourceTree = "<group>"; };
		41CDAA332473CC15008899A0 /* THFormSelectCell.h */ = {isa = PBXFileReference; fileEncoding = 4; lastKnownFileType = sourcecode.c.h; path = THFormSelectCell.h; sourceTree = "<group>"; };
		41CDAA342473CC15008899A0 /* THFormSwitchCell.h */ = {isa = PBXFileReference; fileEncoding = 4; lastKnownFileType = sourcecode.c.h; path = THFormSwitchCell.h; sourceTree = "<group>"; };
		41CDAA352473CC15008899A0 /* THFormImageCell.h */ = {isa = PBXFileReference; fileEncoding = 4; lastKnownFileType = sourcecode.c.h; path = THFormImageCell.h; sourceTree = "<group>"; };
		41CDAA362473CC15008899A0 /* THFormDateCell.m */ = {isa = PBXFileReference; fileEncoding = 4; lastKnownFileType = sourcecode.c.objc; path = THFormDateCell.m; sourceTree = "<group>"; };
		41CDAA372473CC15008899A0 /* THFormTextCell.h */ = {isa = PBXFileReference; fileEncoding = 4; lastKnownFileType = sourcecode.c.h; path = THFormTextCell.h; sourceTree = "<group>"; };
		41CDAA3C2473CC15008899A0 /* THImagePreview.m */ = {isa = PBXFileReference; fileEncoding = 4; lastKnownFileType = sourcecode.c.objc; path = THImagePreview.m; sourceTree = "<group>"; };
		41CDAA3D2473CC15008899A0 /* THImagePreview.h */ = {isa = PBXFileReference; fileEncoding = 4; lastKnownFileType = sourcecode.c.h; path = THImagePreview.h; sourceTree = "<group>"; };
		41CDAA3E2473CC15008899A0 /* THKit.h */ = {isa = PBXFileReference; fileEncoding = 4; lastKnownFileType = sourcecode.c.h; path = THKit.h; sourceTree = "<group>"; };
		41CDAA412473CC15008899A0 /* THScreenView.h */ = {isa = PBXFileReference; fileEncoding = 4; lastKnownFileType = sourcecode.c.h; path = THScreenView.h; sourceTree = "<group>"; };
		41CDAA422473CC15008899A0 /* THScreenView.m */ = {isa = PBXFileReference; fileEncoding = 4; lastKnownFileType = sourcecode.c.objc; path = THScreenView.m; sourceTree = "<group>"; };
		41CDAA442473CC15008899A0 /* THScreenBaseM.h */ = {isa = PBXFileReference; fileEncoding = 4; lastKnownFileType = sourcecode.c.h; path = THScreenBaseM.h; sourceTree = "<group>"; };
		41CDAA452473CC15008899A0 /* THScreenDateM.h */ = {isa = PBXFileReference; fileEncoding = 4; lastKnownFileType = sourcecode.c.h; path = THScreenDateM.h; sourceTree = "<group>"; };
		41CDAA462473CC15008899A0 /* THScreenSelectM.m */ = {isa = PBXFileReference; fileEncoding = 4; lastKnownFileType = sourcecode.c.objc; path = THScreenSelectM.m; sourceTree = "<group>"; };
		41CDAA472473CC15008899A0 /* THScreenMultiSelectM.m */ = {isa = PBXFileReference; fileEncoding = 4; lastKnownFileType = sourcecode.c.objc; path = THScreenMultiSelectM.m; sourceTree = "<group>"; };
		41CDAA482473CC15008899A0 /* THScreenTextM.h */ = {isa = PBXFileReference; fileEncoding = 4; lastKnownFileType = sourcecode.c.h; path = THScreenTextM.h; sourceTree = "<group>"; };
		41CDAA492473CC15008899A0 /* THScreenCardM.h */ = {isa = PBXFileReference; fileEncoding = 4; lastKnownFileType = sourcecode.c.h; path = THScreenCardM.h; sourceTree = "<group>"; };
		41CDAA4A2473CC15008899A0 /* THScreenDateM.m */ = {isa = PBXFileReference; fileEncoding = 4; lastKnownFileType = sourcecode.c.objc; path = THScreenDateM.m; sourceTree = "<group>"; };
		41CDAA4B2473CC15008899A0 /* THScreenBaseM.m */ = {isa = PBXFileReference; fileEncoding = 4; lastKnownFileType = sourcecode.c.objc; path = THScreenBaseM.m; sourceTree = "<group>"; };
		41CDAA4C2473CC15008899A0 /* THScreenSelectM.h */ = {isa = PBXFileReference; fileEncoding = 4; lastKnownFileType = sourcecode.c.h; path = THScreenSelectM.h; sourceTree = "<group>"; };
		41CDAA4D2473CC15008899A0 /* THScreenTextM.m */ = {isa = PBXFileReference; fileEncoding = 4; lastKnownFileType = sourcecode.c.objc; path = THScreenTextM.m; sourceTree = "<group>"; };
		41CDAA4E2473CC15008899A0 /* THScreenMultiSelectM.h */ = {isa = PBXFileReference; fileEncoding = 4; lastKnownFileType = sourcecode.c.h; path = THScreenMultiSelectM.h; sourceTree = "<group>"; };
		41CDAA4F2473CC15008899A0 /* THScreenCardM.m */ = {isa = PBXFileReference; fileEncoding = 4; lastKnownFileType = sourcecode.c.objc; path = THScreenCardM.m; sourceTree = "<group>"; };
		41CDAA512473CC15008899A0 /* THScreenCardCell.h */ = {isa = PBXFileReference; fileEncoding = 4; lastKnownFileType = sourcecode.c.h; path = THScreenCardCell.h; sourceTree = "<group>"; };
		41CDAA522473CC15008899A0 /* THScreenTextCell.m */ = {isa = PBXFileReference; fileEncoding = 4; lastKnownFileType = sourcecode.c.objc; path = THScreenTextCell.m; sourceTree = "<group>"; };
		41CDAA532473CC15008899A0 /* THScreenSelectCell.h */ = {isa = PBXFileReference; fileEncoding = 4; lastKnownFileType = sourcecode.c.h; path = THScreenSelectCell.h; sourceTree = "<group>"; };
		41CDAA542473CC15008899A0 /* THScreenMultiSelectCell.m */ = {isa = PBXFileReference; fileEncoding = 4; lastKnownFileType = sourcecode.c.objc; path = THScreenMultiSelectCell.m; sourceTree = "<group>"; };
		41CDAA552473CC15008899A0 /* THScreenBaseCell.m */ = {isa = PBXFileReference; fileEncoding = 4; lastKnownFileType = sourcecode.c.objc; path = THScreenBaseCell.m; sourceTree = "<group>"; };
		41CDAA562473CC15008899A0 /* THScreenDateCell.h */ = {isa = PBXFileReference; fileEncoding = 4; lastKnownFileType = sourcecode.c.h; path = THScreenDateCell.h; sourceTree = "<group>"; };
		41CDAA572473CC15008899A0 /* THScreenSelectCell.m */ = {isa = PBXFileReference; fileEncoding = 4; lastKnownFileType = sourcecode.c.objc; path = THScreenSelectCell.m; sourceTree = "<group>"; };
		41CDAA582473CC15008899A0 /* THScreenTextCell.h */ = {isa = PBXFileReference; fileEncoding = 4; lastKnownFileType = sourcecode.c.h; path = THScreenTextCell.h; sourceTree = "<group>"; };
		41CDAA592473CC15008899A0 /* THScreenCardCell.m */ = {isa = PBXFileReference; fileEncoding = 4; lastKnownFileType = sourcecode.c.objc; path = THScreenCardCell.m; sourceTree = "<group>"; };
		41CDAA5A2473CC15008899A0 /* THScreenBaseCell.h */ = {isa = PBXFileReference; fileEncoding = 4; lastKnownFileType = sourcecode.c.h; path = THScreenBaseCell.h; sourceTree = "<group>"; };
		41CDAA5B2473CC15008899A0 /* THScreenMultiSelectCell.h */ = {isa = PBXFileReference; fileEncoding = 4; lastKnownFileType = sourcecode.c.h; path = THScreenMultiSelectCell.h; sourceTree = "<group>"; };
		41CDAA5C2473CC15008899A0 /* THScreenDateCell.m */ = {isa = PBXFileReference; fileEncoding = 4; lastKnownFileType = sourcecode.c.objc; path = THScreenDateCell.m; sourceTree = "<group>"; };
		41CDAA5E2473CC15008899A0 /* THDateFieldPicker.h */ = {isa = PBXFileReference; fileEncoding = 4; lastKnownFileType = sourcecode.c.h; path = THDateFieldPicker.h; sourceTree = "<group>"; };
		41CDAA5F2473CC15008899A0 /* THTextFieldPicker.m */ = {isa = PBXFileReference; fileEncoding = 4; lastKnownFileType = sourcecode.c.objc; path = THTextFieldPicker.m; sourceTree = "<group>"; };
		41CDAA602473CC15008899A0 /* THDateFieldPicker.m */ = {isa = PBXFileReference; fileEncoding = 4; lastKnownFileType = sourcecode.c.objc; path = THDateFieldPicker.m; sourceTree = "<group>"; };
		41CDAA612473CC15008899A0 /* THTextFieldPicker.h */ = {isa = PBXFileReference; fileEncoding = 4; lastKnownFileType = sourcecode.c.h; path = THTextFieldPicker.h; sourceTree = "<group>"; };
		41CDAA632473CC15008899A0 /* THTextField.h */ = {isa = PBXFileReference; fileEncoding = 4; lastKnownFileType = sourcecode.c.h; path = THTextField.h; sourceTree = "<group>"; };
		41CDAA642473CC15008899A0 /* THTextField.m */ = {isa = PBXFileReference; fileEncoding = 4; lastKnownFileType = sourcecode.c.objc; path = THTextField.m; sourceTree = "<group>"; };
		41CDAA662473CC15008899A0 /* THKitConfig.m */ = {isa = PBXFileReference; fileEncoding = 4; lastKnownFileType = sourcecode.c.objc; path = THKitConfig.m; sourceTree = "<group>"; };
		41CDAA672473CC15008899A0 /* THKitConfig.h */ = {isa = PBXFileReference; fileEncoding = 4; lastKnownFileType = sourcecode.c.h; path = THKitConfig.h; sourceTree = "<group>"; };
		41CDAA692473CC15008899A0 /* THArrowCell.h */ = {isa = PBXFileReference; fileEncoding = 4; lastKnownFileType = sourcecode.c.h; path = THArrowCell.h; sourceTree = "<group>"; };
		41CDAA6B2473CC15008899A0 /* THMessageView.h */ = {isa = PBXFileReference; fileEncoding = 4; lastKnownFileType = sourcecode.c.h; path = THMessageView.h; sourceTree = "<group>"; };
		41CDAA6C2473CC15008899A0 /* THArrowCell.m */ = {isa = PBXFileReference; fileEncoding = 4; lastKnownFileType = sourcecode.c.objc; path = THArrowCell.m; sourceTree = "<group>"; };
		41CDAA6E2473CC15008899A0 /* THMessageView.m */ = {isa = PBXFileReference; fileEncoding = 4; lastKnownFileType = sourcecode.c.objc; path = THMessageView.m; sourceTree = "<group>"; };
		41CDAA702473CC15008899A0 /* THCardView.m */ = {isa = PBXFileReference; fileEncoding = 4; lastKnownFileType = sourcecode.c.objc; path = THCardView.m; sourceTree = "<group>"; };
		41CDAA712473CC15008899A0 /* THCardLabel.h */ = {isa = PBXFileReference; fileEncoding = 4; lastKnownFileType = sourcecode.c.h; path = THCardLabel.h; sourceTree = "<group>"; };
		41CDAA722473CC15008899A0 /* THCardView.h */ = {isa = PBXFileReference; fileEncoding = 4; lastKnownFileType = sourcecode.c.h; path = THCardView.h; sourceTree = "<group>"; };
		41CDAA732473CC15008899A0 /* THCardLabel.m */ = {isa = PBXFileReference; fileEncoding = 4; lastKnownFileType = sourcecode.c.objc; path = THCardLabel.m; sourceTree = "<group>"; };
		41CDAA752473CC15008899A0 /* ThCommonCell.m */ = {isa = PBXFileReference; fileEncoding = 4; lastKnownFileType = sourcecode.c.objc; path = ThCommonCell.m; sourceTree = "<group>"; };
		41CDAA762473CC15008899A0 /* THCommonConfigM.m */ = {isa = PBXFileReference; fileEncoding = 4; lastKnownFileType = sourcecode.c.objc; path = THCommonConfigM.m; sourceTree = "<group>"; };
		41CDAA772473CC15008899A0 /* THCommonCellBut.m */ = {isa = PBXFileReference; fileEncoding = 4; lastKnownFileType = sourcecode.c.objc; path = THCommonCellBut.m; sourceTree = "<group>"; };
		41CDAA782473CC15008899A0 /* THCommonTable.m */ = {isa = PBXFileReference; fileEncoding = 4; lastKnownFileType = sourcecode.c.objc; path = THCommonTable.m; sourceTree = "<group>"; };
		41CDAA792473CC15008899A0 /* ThCommonCell.h */ = {isa = PBXFileReference; fileEncoding = 4; lastKnownFileType = sourcecode.c.h; path = ThCommonCell.h; sourceTree = "<group>"; };
		41CDAA7A2473CC15008899A0 /* THCommonConfigM.h */ = {isa = PBXFileReference; fileEncoding = 4; lastKnownFileType = sourcecode.c.h; path = THCommonConfigM.h; sourceTree = "<group>"; };
		41CDAA7B2473CC15008899A0 /* THCommonTable.h */ = {isa = PBXFileReference; fileEncoding = 4; lastKnownFileType = sourcecode.c.h; path = THCommonTable.h; sourceTree = "<group>"; };
		41CDAA7C2473CC15008899A0 /* THCommonCellBut.h */ = {isa = PBXFileReference; fileEncoding = 4; lastKnownFileType = sourcecode.c.h; path = THCommonCellBut.h; sourceTree = "<group>"; };
		41CDAA7F2473CC15008899A0 /* THDataPresentView.h */ = {isa = PBXFileReference; fileEncoding = 4; lastKnownFileType = sourcecode.c.h; path = THDataPresentView.h; sourceTree = "<group>"; };
		41CDAA802473CC15008899A0 /* THDataPresentView.m */ = {isa = PBXFileReference; fileEncoding = 4; lastKnownFileType = sourcecode.c.objc; path = THDataPresentView.m; sourceTree = "<group>"; };
		41CDAA822473CC15008899A0 /* THDataM.m */ = {isa = PBXFileReference; fileEncoding = 4; lastKnownFileType = sourcecode.c.objc; path = THDataM.m; sourceTree = "<group>"; };
		41CDAA832473CC15008899A0 /* THDataM.h */ = {isa = PBXFileReference; fileEncoding = 4; lastKnownFileType = sourcecode.c.h; path = THDataM.h; sourceTree = "<group>"; };
		41CDAA852473CC15008899A0 /* THDataImageCell.h */ = {isa = PBXFileReference; fileEncoding = 4; lastKnownFileType = sourcecode.c.h; path = THDataImageCell.h; sourceTree = "<group>"; };
		41CDAA862473CC15008899A0 /* THDataSectionHead.m */ = {isa = PBXFileReference; fileEncoding = 4; lastKnownFileType = sourcecode.c.objc; path = THDataSectionHead.m; sourceTree = "<group>"; };
		41CDAA872473CC15008899A0 /* THDataTextCell.h */ = {isa = PBXFileReference; fileEncoding = 4; lastKnownFileType = sourcecode.c.h; path = THDataTextCell.h; sourceTree = "<group>"; };
		41CDAA882473CC15008899A0 /* THDataImagesCell.m */ = {isa = PBXFileReference; fileEncoding = 4; lastKnownFileType = sourcecode.c.objc; path = THDataImagesCell.m; sourceTree = "<group>"; };
		41CDAA892473CC15008899A0 /* THDataSectionHead.h */ = {isa = PBXFileReference; fileEncoding = 4; lastKnownFileType = sourcecode.c.h; path = THDataSectionHead.h; sourceTree = "<group>"; };
		41CDAA8A2473CC15008899A0 /* THDataImageCell.m */ = {isa = PBXFileReference; fileEncoding = 4; lastKnownFileType = sourcecode.c.objc; path = THDataImageCell.m; sourceTree = "<group>"; };
		41CDAA8B2473CC15008899A0 /* THDataTextCell.m */ = {isa = PBXFileReference; fileEncoding = 4; lastKnownFileType = sourcecode.c.objc; path = THDataTextCell.m; sourceTree = "<group>"; };
		41CDAA8C2473CC15008899A0 /* THDataImagesCell.h */ = {isa = PBXFileReference; fileEncoding = 4; lastKnownFileType = sourcecode.c.h; path = THDataImagesCell.h; sourceTree = "<group>"; };
		41CDAAC22473CC9F008899A0 /* SDPhotoBrowserConfig.h */ = {isa = PBXFileReference; fileEncoding = 4; lastKnownFileType = sourcecode.c.h; path = SDPhotoBrowserConfig.h; sourceTree = "<group>"; };
		41CDAAC32473CC9F008899A0 /* SDPhotoBrowser.m */ = {isa = PBXFileReference; fileEncoding = 4; lastKnownFileType = sourcecode.c.objc; path = SDPhotoBrowser.m; sourceTree = "<group>"; };
		41CDAAC42473CC9F008899A0 /* SDWaitingView.m */ = {isa = PBXFileReference; fileEncoding = 4; lastKnownFileType = sourcecode.c.objc; path = SDWaitingView.m; sourceTree = "<group>"; };
		41CDAAC52473CC9F008899A0 /* SDBrowserImageView.m */ = {isa = PBXFileReference; fileEncoding = 4; lastKnownFileType = sourcecode.c.objc; path = SDBrowserImageView.m; sourceTree = "<group>"; };
		41CDAAC62473CC9F008899A0 /* SDWaitingView.h */ = {isa = PBXFileReference; fileEncoding = 4; lastKnownFileType = sourcecode.c.h; path = SDWaitingView.h; sourceTree = "<group>"; };
		41CDAAC72473CC9F008899A0 /* SDPhotoBrowser.h */ = {isa = PBXFileReference; fileEncoding = 4; lastKnownFileType = sourcecode.c.h; path = SDPhotoBrowser.h; sourceTree = "<group>"; };
		41CDAAC82473CC9F008899A0 /* SDBrowserImageView.h */ = {isa = PBXFileReference; fileEncoding = 4; lastKnownFileType = sourcecode.c.h; path = SDBrowserImageView.h; sourceTree = "<group>"; };
		41CDAACC2473EBBA008899A0 /* th-base-sort.png */ = {isa = PBXFileReference; lastKnownFileType = image.png; path = "th-base-sort.png"; sourceTree = "<group>"; };
		41CDAACE2473EBC2008899A0 /* th-base-sortH.png */ = {isa = PBXFileReference; lastKnownFileType = image.png; path = "th-base-sortH.png"; sourceTree = "<group>"; };
		92182227E49BA00F14AFC4A3 /* libPods-THKitProject.a */ = {isa = PBXFileReference; explicitFileType = archive.ar; includeInIndex = 0; path = "libPods-THKitProject.a"; sourceTree = BUILT_PRODUCTS_DIR; };
/* End PBXFileReference section */

/* Begin PBXFrameworksBuildPhase section */
		41C5B96A2470AC2500446DB4 /* Frameworks */ = {
			isa = PBXFrameworksBuildPhase;
			buildActionMask = 2147483647;
			files = (
				87A62CCCAF9EF9E2570492B5 /* libPods-THKitProject.a in Frameworks */,
			);
			runOnlyForDeploymentPostprocessing = 0;
		};
/* End PBXFrameworksBuildPhase section */

/* Begin PBXGroup section */
		1404A16CA5B5861C3A042FD6 /* Frameworks */ = {
			isa = PBXGroup;
			children = (
				92182227E49BA00F14AFC4A3 /* libPods-THKitProject.a */,
			);
			name = Frameworks;
			sourceTree = "<group>";
		};
		4132842E2470EE4900BE462F /* DemoBase */ = {
			isa = PBXGroup;
			children = (
				413284392470F46F00BE462F /* DemoMenu.json */,
				41C5B98E2470C89A00446DB4 /* DemoTabController.h */,
				41C5B98F2470C89A00446DB4 /* DemoTabController.m */,
				41A5695C247629B300E4D668 /* DemoMenuController.h */,
				41A5695D247629B300E4D668 /* DemoMenuController.m */,
				41BDD9B12474BC010045D552 /* DemoNavController.h */,
				41BDD9B22474BC010045D552 /* DemoNavController.m */,
				41A5695F24765E6800E4D668 /* DemoBaseController.h */,
				41A5696024765E6800E4D668 /* DemoBaseController.m */,
			);
			path = DemoBase;
			sourceTree = "<group>";
		};
		4132842F2470EE5500BE462F /* DemoMenu */ = {
			isa = PBXGroup;
			children = (
				413284302470EE6700BE462F /* DemoTHSortViewController.h */,
				413284312470EE6700BE462F /* DemoTHSortViewController.m */,
				413284332470EEB500BE462F /* DemoTHCommonTableController.h */,
				413284342470EEB500BE462F /* DemoTHCommonTableController.m */,
				413284362470EEDB00BE462F /* DemoTHFormViewController.h */,
				413284372470EEDB00BE462F /* DemoTHFormViewController.m */,
				41BDD9B72474BE4B0045D552 /* DemoTHTextFieldController.h */,
				41BDD9B82474BE4B0045D552 /* DemoTHTextFieldController.m */,
				41776FF5248101EE0006AE91 /* DemoTHTextFiledViewController.h */,
				41776FF6248101EE0006AE91 /* DemoTHTextFiledViewController.m */,
				41BDD9BA2474C5E60045D552 /* DemoTHTextFieldPickerController.h */,
				41BDD9BB2474C5E60045D552 /* DemoTHTextFieldPickerController.m */,
				41BFBC4C247576E0006BFE7A /* DemoTHMessageViewController.h */,
				41BFBC4D247576E0006BFE7A /* DemoTHMessageViewController.m */,
				41BFBC4F2475771F006BFE7A /* DemoTHArrowCellController.h */,
				41BFBC502475771F006BFE7A /* DemoTHArrowCellController.m */,
				41BFBC5224757737006BFE7A /* DemoTHScreenViewController.h */,
				41BFBC5324757737006BFE7A /* DemoTHScreenViewController.m */,
				4140FDD2247BBA770033CB91 /* DemoTHPresentViewController.h */,
				4140FDD3247BBA770033CB91 /* DemoTHPresentViewController.m */,
			);
			path = DemoMenu;
			sourceTree = "<group>";
		};
		41358AF42479E14300166E79 /* Combination */ = {
			isa = PBXGroup;
			children = (
				41358AF52479E16600166E79 /* CombinationListController.h */,
				41358AF62479E16600166E79 /* CombinationListController.m */,
			);
			path = Combination;
			sourceTree = "<group>";
		};
		41A569622476649300E4D668 /* Static */ = {
			isa = PBXGroup;
			children = (
				4119D296247F9CCA00F895BE /* lanch-bg.png */,
				41A02ABF2477CB0200478CBE /* THArrowCell.png */,
				41A5696824767A5D00E4D668 /* THTextFieldPicker.png */,
				41A569632476649F00E4D668 /* THMessageView.png */,
			);
			path = Static;
			sourceTree = "<group>";
		};
		41C5B9642470AC2500446DB4 = {
			isa = PBXGroup;
			children = (
				41C5B96F2470AC2500446DB4 /* THKitProject */,
				41C5B96E2470AC2500446DB4 /* Products */,
				8071589B71AAFEFDCEFF92EE /* Pods */,
				1404A16CA5B5861C3A042FD6 /* Frameworks */,
			);
			sourceTree = "<group>";
		};
		41C5B96E2470AC2500446DB4 /* Products */ = {
			isa = PBXGroup;
			children = (
				41C5B96D2470AC2500446DB4 /* THKitProject.app */,
			);
			name = Products;
			sourceTree = "<group>";
		};
		41C5B96F2470AC2500446DB4 /* THKitProject */ = {
			isa = PBXGroup;
			children = (
				41A569622476649300E4D668 /* Static */,
				41CDAA0C2473CC15008899A0 /* THKit */,
				41C5B98D2470C1F000446DB4 /* Supporting Files */,
				41C5B98C2470AD8E00446DB4 /* Lib */,
				41C5B98B2470AD8800446DB4 /* Controller */,
				41C5B9892470AD2400446DB4 /* AppDelegate */,
			);
			path = THKitProject;
			sourceTree = "<group>";
		};
		41C5B9892470AD2400446DB4 /* AppDelegate */ = {
			isa = PBXGroup;
			children = (
				41C5B9702470AC2500446DB4 /* AppDelegate.h */,
				41C5B9712470AC2500446DB4 /* AppDelegate.m */,
			);
			name = AppDelegate;
			sourceTree = "<group>";
		};
		41C5B98B2470AD8800446DB4 /* Controller */ = {
			isa = PBXGroup;
			children = (
				41358AF42479E14300166E79 /* Combination */,
				4132842F2470EE5500BE462F /* DemoMenu */,
				4132842E2470EE4900BE462F /* DemoBase */,
			);
			path = Controller;
			sourceTree = "<group>";
		};
		41C5B98C2470AD8E00446DB4 /* Lib */ = {
			isa = PBXGroup;
			children = (
				41CDAAC12473CC9F008899A0 /* SDPhotoBrowser */,
				41CDA9E72473CB71008899A0 /* Masonry */,
			);
			path = Lib;
			sourceTree = "<group>";
		};
		41C5B98D2470C1F000446DB4 /* Supporting Files */ = {
			isa = PBXGroup;
			children = (
				41CDAA0B2473CB8F008899A0 /* Globle-pch.pch */,
				41C5B97C2470AC3200446DB4 /* Assets.xcassets */,
				41C5B9812470AC3200446DB4 /* Info.plist */,
				41C5B9822470AC3200446DB4 /* main.m */,
				4119D298247F9CFB00F895BE /* Launch Screen.storyboard */,
			);
			name = "Supporting Files";
			sourceTree = "<group>";
		};
		41CDA9E72473CB71008899A0 /* Masonry */ = {
			isa = PBXGroup;
			children = (
				41CDA9E82473CB71008899A0 /* MASCompositeConstraint.h */,
				41CDA9E92473CB71008899A0 /* NSLayoutConstraint+MASDebugAdditions.m */,
				41CDA9EA2473CB71008899A0 /* MASConstraint+Private.h */,
				41CDA9EB2473CB71008899A0 /* MASLayoutConstraint.h */,
				41CDA9EC2473CB71008899A0 /* NSArray+MASShorthandAdditions.h */,
				41CDA9ED2473CB71008899A0 /* MASConstraintMaker.h */,
				41CDA9EE2473CB71008899A0 /* View+MASAdditions.h */,
				41CDA9EF2473CB71008899A0 /* NSArray+MASAdditions.h */,
				41CDA9F02473CB71008899A0 /* MASUtilities.h */,
				41CDA9F12473CB71008899A0 /* MASViewAttribute.h */,
				41CDA9F22473CB71008899A0 /* ViewController+MASAdditions.m */,
				41CDA9F32473CB71008899A0 /* MASViewConstraint.h */,
				41CDA9F42473CB71008899A0 /* MASConstraint.h */,
				41CDA9F52473CB71008899A0 /* NSLayoutConstraint+MASDebugAdditions.h */,
				41CDA9F62473CB71008899A0 /* MASCompositeConstraint.m */,
				41CDA9F72473CB71008899A0 /* MASConstraintMaker.m */,
				41CDA9F82473CB71008899A0 /* MASLayoutConstraint.m */,
				41CDA9F92473CB71008899A0 /* NSArray+MASAdditions.m */,
				41CDA9FA2473CB71008899A0 /* View+MASAdditions.m */,
				41CDA9FB2473CB71008899A0 /* View+MASShorthandAdditions.h */,
				41CDA9FC2473CB71008899A0 /* Masonry.h */,
				41CDA9FD2473CB71008899A0 /* MASConstraint.m */,
				41CDA9FE2473CB71008899A0 /* ViewController+MASAdditions.h */,
				41CDA9FF2473CB71008899A0 /* MASViewConstraint.m */,
				41CDAA002473CB71008899A0 /* MASViewAttribute.m */,
			);
			path = Masonry;
			sourceTree = "<group>";
		};
		41CDAA0C2473CC15008899A0 /* THKit */ = {
			isa = PBXGroup;
			children = (
				41CDAA3E2473CC15008899A0 /* THKit.h */,
				41CDAA652473CC15008899A0 /* THKitConfig */,
				41CDAA142473CC15008899A0 /* Source */,
				41CDAA6F2473CC15008899A0 /* THCardLabel */,
				41CDAA742473CC15008899A0 /* THCommonTable */,
				41CDAA7D2473CC15008899A0 /* THDataPresentView */,
				41CDAA172473CC15008899A0 /* THFormView */,
				41CDAA3B2473CC15008899A0 /* THImagePreview */,
				41CDAA682473CC15008899A0 /* THMessageView */,
				41CDAA3F2473CC15008899A0 /* THScreenView */,
				41CDAA0D2473CC15008899A0 /* THSortView */,
				41CDAA622473CC15008899A0 /* THTextField */,
				41CDAA5D2473CC15008899A0 /* THTextFieldPicker */,
			);
			path = THKit;
			sourceTree = "<group>";
		};
		41CDAA0D2473CC15008899A0 /* THSortView */ = {
			isa = PBXGroup;
			children = (
				41CDAA0E2473CC15008899A0 /* THSortView.h */,
				41CDAA0F2473CC15008899A0 /* THSortView.m */,
			);
			path = THSortView;
			sourceTree = "<group>";
		};
		41CDAA142473CC15008899A0 /* Source */ = {
			isa = PBXGroup;
			children = (
				4140FDD5247BBF200033CB91 /* th-base-del.png */,
				41CDAACE2473EBC2008899A0 /* th-base-sortH.png */,
				41CDAACC2473EBBA008899A0 /* th-base-sort.png */,
				41CDAA152473CC15008899A0 /* th-arrow@3x.png */,
				41CDAA162473CC15008899A0 /* th-arrow@2x.png */,
			);
			path = Source;
			sourceTree = "<group>";
		};
		41CDAA172473CC15008899A0 /* THFormView */ = {
			isa = PBXGroup;
			children = (
				41CDAA182473CC15008899A0 /* Tools */,
				41CDAA1B2473CC15008899A0 /* Controller */,
				41CDAA1E2473CC15008899A0 /* Model */,
				41CDAA2B2473CC15008899A0 /* View */,
			);
			path = THFormView;
			sourceTree = "<group>";
		};
		41CDAA182473CC15008899A0 /* Tools */ = {
			isa = PBXGroup;
			children = (
				41CDAA192473CC15008899A0 /* NSString+THFormPredicate.m */,
				41CDAA1A2473CC15008899A0 /* NSString+THFormPredicate.h */,
			);
			path = Tools;
			sourceTree = "<group>";
		};
		41CDAA1B2473CC15008899A0 /* Controller */ = {
			isa = PBXGroup;
			children = (
				41CDAA1C2473CC15008899A0 /* THFormView.h */,
				41CDAA1D2473CC15008899A0 /* THFormView.m */,
			);
			path = Controller;
			sourceTree = "<group>";
		};
		41CDAA1E2473CC15008899A0 /* Model */ = {
			isa = PBXGroup;
			children = (
				41CDAA262473CC15008899A0 /* THFormBaseM.h */,
				41CDAA202473CC15008899A0 /* THFormBaseM.m */,
				41CDAA252473CC15008899A0 /* THFormDateM.h */,
				41CDAA212473CC15008899A0 /* THFormDateM.m */,
				41CDAA222473CC15008899A0 /* THFormImageM.h */,
				41CDAA292473CC15008899A0 /* THFormImageM.m */,
				41CDAA1F2473CC15008899A0 /* THFormSelectM.h */,
				41CDAA272473CC15008899A0 /* THFormSelectM.m */,
				41CDAA282473CC15008899A0 /* THFormSwitchM.h */,
				41CDAA232473CC15008899A0 /* THFormSwitchM.m */,
				41CDAA2A2473CC15008899A0 /* THFormTextM.h */,
				41CDAA242473CC15008899A0 /* THFormTextM.m */,
			);
			path = Model;
			sourceTree = "<group>";
		};
		41CDAA2B2473CC15008899A0 /* View */ = {
			isa = PBXGroup;
			children = (
				41CDAA322473CC15008899A0 /* THFormBaseCell.h */,
				41CDAA2C2473CC15008899A0 /* THFormBaseCell.m */,
				41CDAA2D2473CC15008899A0 /* THFormDateCell.h */,
				41CDAA362473CC15008899A0 /* THFormDateCell.m */,
				41CDAA352473CC15008899A0 /* THFormImageCell.h */,
				41CDAA2E2473CC15008899A0 /* THFormImageCell.m */,
				41CDAA332473CC15008899A0 /* THFormSelectCell.h */,
				41CDAA302473CC15008899A0 /* THFormSelectCell.m */,
				41CDAA342473CC15008899A0 /* THFormSwitchCell.h */,
				41CDAA2F2473CC15008899A0 /* THFormSwitchCell.m */,
				41CDAA372473CC15008899A0 /* THFormTextCell.h */,
				41CDAA312473CC15008899A0 /* THFormTextCell.m */,
			);
			path = View;
			sourceTree = "<group>";
		};
		41CDAA3B2473CC15008899A0 /* THImagePreview */ = {
			isa = PBXGroup;
			children = (
				41CDAA3D2473CC15008899A0 /* THImagePreview.h */,
				41CDAA3C2473CC15008899A0 /* THImagePreview.m */,
			);
			path = THImagePreview;
			sourceTree = "<group>";
		};
		41CDAA3F2473CC15008899A0 /* THScreenView */ = {
			isa = PBXGroup;
			children = (
				41CDAA402473CC15008899A0 /* Controller */,
				41CDAA432473CC15008899A0 /* Model */,
				41CDAA502473CC15008899A0 /* View */,
			);
			path = THScreenView;
			sourceTree = "<group>";
		};
		41CDAA402473CC15008899A0 /* Controller */ = {
			isa = PBXGroup;
			children = (
				41CDAA412473CC15008899A0 /* THScreenView.h */,
				41CDAA422473CC15008899A0 /* THScreenView.m */,
			);
			path = Controller;
			sourceTree = "<group>";
		};
		41CDAA432473CC15008899A0 /* Model */ = {
			isa = PBXGroup;
			children = (
				41CDAA442473CC15008899A0 /* THScreenBaseM.h */,
				41CDAA452473CC15008899A0 /* THScreenDateM.h */,
				41CDAA462473CC15008899A0 /* THScreenSelectM.m */,
				41CDAA472473CC15008899A0 /* THScreenMultiSelectM.m */,
				41CDAA482473CC15008899A0 /* THScreenTextM.h */,
				41CDAA492473CC15008899A0 /* THScreenCardM.h */,
				41CDAA4A2473CC15008899A0 /* THScreenDateM.m */,
				41CDAA4B2473CC15008899A0 /* THScreenBaseM.m */,
				41CDAA4C2473CC15008899A0 /* THScreenSelectM.h */,
				41CDAA4D2473CC15008899A0 /* THScreenTextM.m */,
				41CDAA4E2473CC15008899A0 /* THScreenMultiSelectM.h */,
				41CDAA4F2473CC15008899A0 /* THScreenCardM.m */,
			);
			path = Model;
			sourceTree = "<group>";
		};
		41CDAA502473CC15008899A0 /* View */ = {
			isa = PBXGroup;
			children = (
				41CDAA5A2473CC15008899A0 /* THScreenBaseCell.h */,
				41CDAA552473CC15008899A0 /* THScreenBaseCell.m */,
				41CDAA512473CC15008899A0 /* THScreenCardCell.h */,
				41CDAA592473CC15008899A0 /* THScreenCardCell.m */,
				41CDAA562473CC15008899A0 /* THScreenDateCell.h */,
				41CDAA5C2473CC15008899A0 /* THScreenDateCell.m */,
				41CDAA5B2473CC15008899A0 /* THScreenMultiSelectCell.h */,
				41CDAA542473CC15008899A0 /* THScreenMultiSelectCell.m */,
				41CDAA532473CC15008899A0 /* THScreenSelectCell.h */,
				41CDAA572473CC15008899A0 /* THScreenSelectCell.m */,
				41CDAA582473CC15008899A0 /* THScreenTextCell.h */,
				41CDAA522473CC15008899A0 /* THScreenTextCell.m */,
			);
			path = View;
			sourceTree = "<group>";
		};
		41CDAA5D2473CC15008899A0 /* THTextFieldPicker */ = {
			isa = PBXGroup;
			children = (
				41CDAA5E2473CC15008899A0 /* THDateFieldPicker.h */,
				41CDAA602473CC15008899A0 /* THDateFieldPicker.m */,
				41CDAA612473CC15008899A0 /* THTextFieldPicker.h */,
				41CDAA5F2473CC15008899A0 /* THTextFieldPicker.m */,
			);
			path = THTextFieldPicker;
			sourceTree = "<group>";
		};
		41CDAA622473CC15008899A0 /* THTextField */ = {
			isa = PBXGroup;
			children = (
				41CDAA632473CC15008899A0 /* THTextField.h */,
				41CDAA642473CC15008899A0 /* THTextField.m */,
				41CD7E532484A8DE00D6A608 /* THTextView.h */,
				41CD7E542484A8DE00D6A608 /* THTextView.m */,
			);
			path = THTextField;
			sourceTree = "<group>";
		};
		41CDAA652473CC15008899A0 /* THKitConfig */ = {
			isa = PBXGroup;
			children = (
				41CDAA672473CC15008899A0 /* THKitConfig.h */,
				41CDAA662473CC15008899A0 /* THKitConfig.m */,
			);
			path = THKitConfig;
			sourceTree = "<group>";
		};
		41CDAA682473CC15008899A0 /* THMessageView */ = {
			isa = PBXGroup;
			children = (
				41CDAA692473CC15008899A0 /* THArrowCell.h */,
				41CDAA6C2473CC15008899A0 /* THArrowCell.m */,
				41CDAA6B2473CC15008899A0 /* THMessageView.h */,
				41CDAA6E2473CC15008899A0 /* THMessageView.m */,
				41776FF22481004A0006AE91 /* THTextFieldView.h */,
				41776FF32481004A0006AE91 /* THTextFieldView.m */,
			);
			path = THMessageView;
			sourceTree = "<group>";
		};
		41CDAA6F2473CC15008899A0 /* THCardLabel */ = {
			isa = PBXGroup;
			children = (
				41CDAA712473CC15008899A0 /* THCardLabel.h */,
				41CDAA732473CC15008899A0 /* THCardLabel.m */,
				41CDAA722473CC15008899A0 /* THCardView.h */,
				41CDAA702473CC15008899A0 /* THCardView.m */,
			);
			path = THCardLabel;
			sourceTree = "<group>";
		};
		41CDAA742473CC15008899A0 /* THCommonTable */ = {
			isa = PBXGroup;
			children = (
				41CDAA752473CC15008899A0 /* ThCommonCell.m */,
				41CDAA762473CC15008899A0 /* THCommonConfigM.m */,
				41CDAA772473CC15008899A0 /* THCommonCellBut.m */,
				41CDAA782473CC15008899A0 /* THCommonTable.m */,
				41CDAA792473CC15008899A0 /* ThCommonCell.h */,
				41CDAA7A2473CC15008899A0 /* THCommonConfigM.h */,
				41CDAA7B2473CC15008899A0 /* THCommonTable.h */,
				41CDAA7C2473CC15008899A0 /* THCommonCellBut.h */,
			);
			path = THCommonTable;
			sourceTree = "<group>";
		};
		41CDAA7D2473CC15008899A0 /* THDataPresentView */ = {
			isa = PBXGroup;
			children = (
				41CDAA7E2473CC15008899A0 /* PresentView */,
				41CDAA812473CC15008899A0 /* Model */,
				41CDAA842473CC15008899A0 /* View */,
			);
			path = THDataPresentView;
			sourceTree = "<group>";
		};
		41CDAA7E2473CC15008899A0 /* PresentView */ = {
			isa = PBXGroup;
			children = (
				41CDAA7F2473CC15008899A0 /* THDataPresentView.h */,
				41CDAA802473CC15008899A0 /* THDataPresentView.m */,
			);
			path = PresentView;
			sourceTree = "<group>";
		};
		41CDAA812473CC15008899A0 /* Model */ = {
			isa = PBXGroup;
			children = (
				41CDAA832473CC15008899A0 /* THDataM.h */,
				41CDAA822473CC15008899A0 /* THDataM.m */,
			);
			path = Model;
			sourceTree = "<group>";
		};
		41CDAA842473CC15008899A0 /* View */ = {
			isa = PBXGroup;
			children = (
				41CDAA852473CC15008899A0 /* THDataImageCell.h */,
				41CDAA8A2473CC15008899A0 /* THDataImageCell.m */,
				41CDAA8C2473CC15008899A0 /* THDataImagesCell.h */,
				41CDAA882473CC15008899A0 /* THDataImagesCell.m */,
				41CDAA892473CC15008899A0 /* THDataSectionHead.h */,
				41CDAA862473CC15008899A0 /* THDataSectionHead.m */,
				41CDAA872473CC15008899A0 /* THDataTextCell.h */,
				41CDAA8B2473CC15008899A0 /* THDataTextCell.m */,
			);
			path = View;
			sourceTree = "<group>";
		};
		41CDAAC12473CC9F008899A0 /* SDPhotoBrowser */ = {
			isa = PBXGroup;
			children = (
				41CDAAC82473CC9F008899A0 /* SDBrowserImageView.h */,
				41CDAAC52473CC9F008899A0 /* SDBrowserImageView.m */,
				41CDAAC72473CC9F008899A0 /* SDPhotoBrowser.h */,
				41CDAAC32473CC9F008899A0 /* SDPhotoBrowser.m */,
				41CDAAC22473CC9F008899A0 /* SDPhotoBrowserConfig.h */,
				41CDAAC62473CC9F008899A0 /* SDWaitingView.h */,
				41CDAAC42473CC9F008899A0 /* SDWaitingView.m */,
			);
			path = SDPhotoBrowser;
			sourceTree = "<group>";
		};
		8071589B71AAFEFDCEFF92EE /* Pods */ = {
			isa = PBXGroup;
			children = (
				0670FE79D79167B2EE9B2D2F /* Pods-THKitProject.debug.xcconfig */,
				078C8A25D8A8C030AEE3C339 /* Pods-THKitProject.release.xcconfig */,
			);
			path = Pods;
			sourceTree = "<group>";
		};
/* End PBXGroup section */

/* Begin PBXNativeTarget section */
		41C5B96C2470AC2500446DB4 /* THKitProject */ = {
			isa = PBXNativeTarget;
			buildConfigurationList = 41C5B9862470AC3200446DB4 /* Build configuration list for PBXNativeTarget "THKitProject" */;
			buildPhases = (
				130C819A745D6A3FC8893952 /* [CP] Check Pods Manifest.lock */,
				41C5B9692470AC2500446DB4 /* Sources */,
				41C5B96A2470AC2500446DB4 /* Frameworks */,
				41C5B96B2470AC2500446DB4 /* Resources */,
				31FCDA33E671D044D61FB07B /* [CP] Copy Pods Resources */,
			);
			buildRules = (
			);
			dependencies = (
			);
			name = THKitProject;
			productName = THKitProject;
			productReference = 41C5B96D2470AC2500446DB4 /* THKitProject.app */;
			productType = "com.apple.product-type.application";
		};
/* End PBXNativeTarget section */

/* Begin PBXProject section */
		41C5B9652470AC2500446DB4 /* Project object */ = {
			isa = PBXProject;
			attributes = {
				LastUpgradeCheck = 1140;
				ORGANIZATIONNAME = sunq;
				TargetAttributes = {
					41C5B96C2470AC2500446DB4 = {
						CreatedOnToolsVersion = 11.4;
					};
				};
			};
			buildConfigurationList = 41C5B9682470AC2500446DB4 /* Build configuration list for PBXProject "THKitProject" */;
			compatibilityVersion = "Xcode 9.3";
			developmentRegion = en;
			hasScannedForEncodings = 0;
			knownRegions = (
				en,
				Base,
			);
			mainGroup = 41C5B9642470AC2500446DB4;
			productRefGroup = 41C5B96E2470AC2500446DB4 /* Products */;
			projectDirPath = "";
			projectRoot = "";
			targets = (
				41C5B96C2470AC2500446DB4 /* THKitProject */,
			);
		};
/* End PBXProject section */

/* Begin PBXResourcesBuildPhase section */
		41C5B96B2470AC2500446DB4 /* Resources */ = {
			isa = PBXResourcesBuildPhase;
			buildActionMask = 2147483647;
			files = (
				41A02AC02477CB0300478CBE /* THArrowCell.png in Resources */,
				41CDAA8F2473CC15008899A0 /* th-arrow@3x.png in Resources */,
				4119D297247F9CCB00F895BE /* lanch-bg.png in Resources */,
				4132843A2470F46F00BE462F /* DemoMenu.json in Resources */,
				41A5696924767A5D00E4D668 /* THTextFieldPicker.png in Resources */,
				41C5B97D2470AC3200446DB4 /* Assets.xcassets in Resources */,
				4119D299247F9CFB00F895BE /* Launch Screen.storyboard in Resources */,
				41CDAACD2473EBBA008899A0 /* th-base-sort.png in Resources */,
				41CDAACF2473EBC2008899A0 /* th-base-sortH.png in Resources */,
				41CDAA902473CC15008899A0 /* th-arrow@2x.png in Resources */,
				4140FDD6247BBF200033CB91 /* th-base-del.png in Resources */,
				41A569642476649F00E4D668 /* THMessageView.png in Resources */,
			);
			runOnlyForDeploymentPostprocessing = 0;
		};
/* End PBXResourcesBuildPhase section */

/* Begin PBXShellScriptBuildPhase section */
		130C819A745D6A3FC8893952 /* [CP] Check Pods Manifest.lock */ = {
			isa = PBXShellScriptBuildPhase;
			buildActionMask = 2147483647;
			files = (
			);
			inputFileListPaths = (
			);
			inputPaths = (
				"${PODS_PODFILE_DIR_PATH}/Podfile.lock",
				"${PODS_ROOT}/Manifest.lock",
			);
			name = "[CP] Check Pods Manifest.lock";
			outputFileListPaths = (
			);
			outputPaths = (
				"$(DERIVED_FILE_DIR)/Pods-THKitProject-checkManifestLockResult.txt",
			);
			runOnlyForDeploymentPostprocessing = 0;
			shellPath = /bin/sh;
			shellScript = "diff \"${PODS_PODFILE_DIR_PATH}/Podfile.lock\" \"${PODS_ROOT}/Manifest.lock\" > /dev/null\nif [ $? != 0 ] ; then\n    # print error to STDERR\n    echo \"error: The sandbox is not in sync with the Podfile.lock. Run 'pod install' or update your CocoaPods installation.\" >&2\n    exit 1\nfi\n# This output is used by Xcode 'outputs' to avoid re-running this script phase.\necho \"SUCCESS\" > \"${SCRIPT_OUTPUT_FILE_0}\"\n";
			showEnvVarsInLog = 0;
		};
		31FCDA33E671D044D61FB07B /* [CP] Copy Pods Resources */ = {
			isa = PBXShellScriptBuildPhase;
			buildActionMask = 2147483647;
			files = (
			);
			inputFileListPaths = (
				"${PODS_ROOT}/Target Support Files/Pods-THKitProject/Pods-THKitProject-resources-${CONFIGURATION}-input-files.xcfilelist",
			);
			name = "[CP] Copy Pods Resources";
			outputFileListPaths = (
				"${PODS_ROOT}/Target Support Files/Pods-THKitProject/Pods-THKitProject-resources-${CONFIGURATION}-output-files.xcfilelist",
			);
			runOnlyForDeploymentPostprocessing = 0;
			shellPath = /bin/sh;
			shellScript = "\"${PODS_ROOT}/Target Support Files/Pods-THKitProject/Pods-THKitProject-resources.sh\"\n";
			showEnvVarsInLog = 0;
		};
/* End PBXShellScriptBuildPhase section */

/* Begin PBXSourcesBuildPhase section */
		41C5B9692470AC2500446DB4 /* Sources */ = {
			isa = PBXSourcesBuildPhase;
			buildActionMask = 2147483647;
			files = (
				41CDAA9D2473CC16008899A0 /* THFormTextCell.m in Sources */,
				41CD7E552484A8DE00D6A608 /* THTextView.m in Sources */,
				413284382470EEDB00BE462F /* DemoTHFormViewController.m in Sources */,
				41CDAA9B2473CC16008899A0 /* THFormSwitchCell.m in Sources */,
				41CDAAA32473CC16008899A0 /* THScreenMultiSelectM.m in Sources */,
				41BDD9B92474BE4B0045D552 /* DemoTHTextFieldController.m in Sources */,
				41CDAACB2473CC9F008899A0 /* SDBrowserImageView.m in Sources */,
				41CDAABC2473CC16008899A0 /* THDataM.m in Sources */,
				41CDAA952473CC15008899A0 /* THFormSwitchM.m in Sources */,
				41C5B9722470AC2500446DB4 /* AppDelegate.m in Sources */,
				41CDAAB42473CC16008899A0 /* THMessageView.m in Sources */,
				41CDAA062473CB72008899A0 /* NSArray+MASAdditions.m in Sources */,
				41A5696124765E6800E4D668 /* DemoBaseController.m in Sources */,
				41CDAAAF2473CC16008899A0 /* THDateFieldPicker.m in Sources */,
				41CDAABD2473CC16008899A0 /* THDataSectionHead.m in Sources */,
				41CDAABE2473CC16008899A0 /* THDataImagesCell.m in Sources */,
				41CDAAA02473CC16008899A0 /* THImagePreview.m in Sources */,
				41CDAAB82473CC16008899A0 /* THCommonConfigM.m in Sources */,
				41776FF7248101EE0006AE91 /* DemoTHTextFiledViewController.m in Sources */,
				41CDAA992473CC16008899A0 /* THFormBaseCell.m in Sources */,
				41CDAAA92473CC16008899A0 /* THScreenMultiSelectCell.m in Sources */,
				41CDAA0A2473CB72008899A0 /* MASViewAttribute.m in Sources */,
				41CDAABF2473CC16008899A0 /* THDataImageCell.m in Sources */,
				413284352470EEB500BE462F /* DemoTHCommonTableController.m in Sources */,
				41CDAAA12473CC16008899A0 /* THScreenView.m in Sources */,
				41CDAAAA2473CC16008899A0 /* THScreenBaseCell.m in Sources */,
				41CDAA982473CC16008899A0 /* THFormImageM.m in Sources */,
				41CDAA8D2473CC15008899A0 /* THSortView.m in Sources */,
				41CDAABB2473CC16008899A0 /* THDataPresentView.m in Sources */,
				41CDAAC02473CC16008899A0 /* THDataTextCell.m in Sources */,
				4140FDD4247BBA770033CB91 /* DemoTHPresentViewController.m in Sources */,
				41BDD9B32474BC010045D552 /* DemoNavController.m in Sources */,
				41CDAA9E2473CC16008899A0 /* THFormDateCell.m in Sources */,
				41CDAA932473CC15008899A0 /* THFormBaseM.m in Sources */,
				41BFBC512475771F006BFE7A /* DemoTHArrowCellController.m in Sources */,
				41A5695E247629B300E4D668 /* DemoMenuController.m in Sources */,
				41BFBC4E247576E0006BFE7A /* DemoTHMessageViewController.m in Sources */,
				41CDAA052473CB72008899A0 /* MASLayoutConstraint.m in Sources */,
				41CDAA072473CB72008899A0 /* View+MASAdditions.m in Sources */,
				41CDAAC92473CC9F008899A0 /* SDPhotoBrowser.m in Sources */,
				41CDAA942473CC15008899A0 /* THFormDateM.m in Sources */,
				41CDAAA52473CC16008899A0 /* THScreenBaseM.m in Sources */,
				41CDAABA2473CC16008899A0 /* THCommonTable.m in Sources */,
				41CDAA032473CB72008899A0 /* MASCompositeConstraint.m in Sources */,
				413284322470EE6700BE462F /* DemoTHSortViewController.m in Sources */,
				41CDAAAB2473CC16008899A0 /* THScreenSelectCell.m in Sources */,
				41CDAAA82473CC16008899A0 /* THScreenTextCell.m in Sources */,
				41CDAAB12473CC16008899A0 /* THKitConfig.m in Sources */,
				41CDAA022473CB72008899A0 /* ViewController+MASAdditions.m in Sources */,
				41CDAAA62473CC16008899A0 /* THScreenTextM.m in Sources */,
				41CDAA962473CC15008899A0 /* THFormTextM.m in Sources */,
				41CDAA912473CC15008899A0 /* NSString+THFormPredicate.m in Sources */,
				41C5B9902470C89A00446DB4 /* DemoTabController.m in Sources */,
				41CDAAB62473CC16008899A0 /* THCardLabel.m in Sources */,
				41CDAAB32473CC16008899A0 /* THArrowCell.m in Sources */,
				41C5B9832470AC3200446DB4 /* main.m in Sources */,
				41CDAAAE2473CC16008899A0 /* THTextFieldPicker.m in Sources */,
				41CDAAA22473CC16008899A0 /* THScreenSelectM.m in Sources */,
				41CDAA042473CB72008899A0 /* MASConstraintMaker.m in Sources */,
				41358AF72479E16600166E79 /* CombinationListController.m in Sources */,
				41CDAAA72473CC16008899A0 /* THScreenCardM.m in Sources */,
				41BDD9BC2474C5E60045D552 /* DemoTHTextFieldPickerController.m in Sources */,
				41CDAAB02473CC16008899A0 /* THTextField.m in Sources */,
				41CDAA012473CB72008899A0 /* NSLayoutConstraint+MASDebugAdditions.m in Sources */,
				41CDAAAD2473CC16008899A0 /* THScreenDateCell.m in Sources */,
				41BFBC5424757737006BFE7A /* DemoTHScreenViewController.m in Sources */,
				41776FF42481004A0006AE91 /* THTextFieldView.m in Sources */,
				41CDAAA42473CC16008899A0 /* THScreenDateM.m in Sources */,
				41CDAAB52473CC16008899A0 /* THCardView.m in Sources */,
				41CDAAAC2473CC16008899A0 /* THScreenCardCell.m in Sources */,
				41CDAAB92473CC16008899A0 /* THCommonCellBut.m in Sources */,
				41CDAA922473CC15008899A0 /* THFormView.m in Sources */,
				41CDAA972473CC15008899A0 /* THFormSelectM.m in Sources */,
				41CDAA082473CB72008899A0 /* MASConstraint.m in Sources */,
				41CDAA092473CB72008899A0 /* MASViewConstraint.m in Sources */,
				41CDAA9C2473CC16008899A0 /* THFormSelectCell.m in Sources */,
				41CDAAB72473CC16008899A0 /* ThCommonCell.m in Sources */,
				41CDAA9A2473CC16008899A0 /* THFormImageCell.m in Sources */,
				41CDAACA2473CC9F008899A0 /* SDWaitingView.m in Sources */,
			);
			runOnlyForDeploymentPostprocessing = 0;
		};
/* End PBXSourcesBuildPhase section */

/* Begin XCBuildConfiguration section */
		41C5B9842470AC3200446DB4 /* Debug */ = {
			isa = XCBuildConfiguration;
			buildSettings = {
				ALWAYS_SEARCH_USER_PATHS = NO;
				CLANG_ANALYZER_NONNULL = YES;
				CLANG_ANALYZER_NUMBER_OBJECT_CONVERSION = YES_AGGRESSIVE;
				CLANG_CXX_LANGUAGE_STANDARD = "gnu++14";
				CLANG_CXX_LIBRARY = "libc++";
				CLANG_ENABLE_MODULES = YES;
				CLANG_ENABLE_OBJC_ARC = YES;
				CLANG_ENABLE_OBJC_WEAK = YES;
				CLANG_WARN_BLOCK_CAPTURE_AUTORELEASING = YES;
				CLANG_WARN_BOOL_CONVERSION = YES;
				CLANG_WARN_COMMA = YES;
				CLANG_WARN_CONSTANT_CONVERSION = YES;
				CLANG_WARN_DEPRECATED_OBJC_IMPLEMENTATIONS = YES;
				CLANG_WARN_DIRECT_OBJC_ISA_USAGE = YES_ERROR;
				CLANG_WARN_DOCUMENTATION_COMMENTS = YES;
				CLANG_WARN_EMPTY_BODY = YES;
				CLANG_WARN_ENUM_CONVERSION = YES;
				CLANG_WARN_INFINITE_RECURSION = YES;
				CLANG_WARN_INT_CONVERSION = YES;
				CLANG_WARN_NON_LITERAL_NULL_CONVERSION = YES;
				CLANG_WARN_OBJC_IMPLICIT_RETAIN_SELF = YES;
				CLANG_WARN_OBJC_LITERAL_CONVERSION = YES;
				CLANG_WARN_OBJC_ROOT_CLASS = YES_ERROR;
				CLANG_WARN_RANGE_LOOP_ANALYSIS = YES;
				CLANG_WARN_STRICT_PROTOTYPES = YES;
				CLANG_WARN_SUSPICIOUS_MOVE = YES;
				CLANG_WARN_UNGUARDED_AVAILABILITY = YES_AGGRESSIVE;
				CLANG_WARN_UNREACHABLE_CODE = YES;
				CLANG_WARN__DUPLICATE_METHOD_MATCH = YES;
				COPY_PHASE_STRIP = NO;
				DEBUG_INFORMATION_FORMAT = dwarf;
				ENABLE_STRICT_OBJC_MSGSEND = YES;
				ENABLE_TESTABILITY = YES;
				GCC_C_LANGUAGE_STANDARD = gnu11;
				GCC_DYNAMIC_NO_PIC = NO;
				GCC_NO_COMMON_BLOCKS = YES;
				GCC_OPTIMIZATION_LEVEL = 0;
				GCC_PREPROCESSOR_DEFINITIONS = (
					"DEBUG=1",
					"$(inherited)",
				);
				GCC_WARN_64_TO_32_BIT_CONVERSION = YES;
				GCC_WARN_ABOUT_RETURN_TYPE = YES_ERROR;
				GCC_WARN_UNDECLARED_SELECTOR = YES;
				GCC_WARN_UNINITIALIZED_AUTOS = YES_AGGRESSIVE;
				GCC_WARN_UNUSED_FUNCTION = YES;
				GCC_WARN_UNUSED_VARIABLE = YES;
				IPHONEOS_DEPLOYMENT_TARGET = 13.4;
				MTL_ENABLE_DEBUG_INFO = INCLUDE_SOURCE;
				MTL_FAST_MATH = YES;
				ONLY_ACTIVE_ARCH = YES;
				SDKROOT = iphoneos;
			};
			name = Debug;
		};
		41C5B9852470AC3200446DB4 /* Release */ = {
			isa = XCBuildConfiguration;
			buildSettings = {
				ALWAYS_SEARCH_USER_PATHS = NO;
				CLANG_ANALYZER_NONNULL = YES;
				CLANG_ANALYZER_NUMBER_OBJECT_CONVERSION = YES_AGGRESSIVE;
				CLANG_CXX_LANGUAGE_STANDARD = "gnu++14";
				CLANG_CXX_LIBRARY = "libc++";
				CLANG_ENABLE_MODULES = YES;
				CLANG_ENABLE_OBJC_ARC = YES;
				CLANG_ENABLE_OBJC_WEAK = YES;
				CLANG_WARN_BLOCK_CAPTURE_AUTORELEASING = YES;
				CLANG_WARN_BOOL_CONVERSION = YES;
				CLANG_WARN_COMMA = YES;
				CLANG_WARN_CONSTANT_CONVERSION = YES;
				CLANG_WARN_DEPRECATED_OBJC_IMPLEMENTATIONS = YES;
				CLANG_WARN_DIRECT_OBJC_ISA_USAGE = YES_ERROR;
				CLANG_WARN_DOCUMENTATION_COMMENTS = YES;
				CLANG_WARN_EMPTY_BODY = YES;
				CLANG_WARN_ENUM_CONVERSION = YES;
				CLANG_WARN_INFINITE_RECURSION = YES;
				CLANG_WARN_INT_CONVERSION = YES;
				CLANG_WARN_NON_LITERAL_NULL_CONVERSION = YES;
				CLANG_WARN_OBJC_IMPLICIT_RETAIN_SELF = YES;
				CLANG_WARN_OBJC_LITERAL_CONVERSION = YES;
				CLANG_WARN_OBJC_ROOT_CLASS = YES_ERROR;
				CLANG_WARN_RANGE_LOOP_ANALYSIS = YES;
				CLANG_WARN_STRICT_PROTOTYPES = YES;
				CLANG_WARN_SUSPICIOUS_MOVE = YES;
				CLANG_WARN_UNGUARDED_AVAILABILITY = YES_AGGRESSIVE;
				CLANG_WARN_UNREACHABLE_CODE = YES;
				CLANG_WARN__DUPLICATE_METHOD_MATCH = YES;
				COPY_PHASE_STRIP = NO;
				DEBUG_INFORMATION_FORMAT = "dwarf-with-dsym";
				ENABLE_NS_ASSERTIONS = NO;
				ENABLE_STRICT_OBJC_MSGSEND = YES;
				GCC_C_LANGUAGE_STANDARD = gnu11;
				GCC_NO_COMMON_BLOCKS = YES;
				GCC_WARN_64_TO_32_BIT_CONVERSION = YES;
				GCC_WARN_ABOUT_RETURN_TYPE = YES_ERROR;
				GCC_WARN_UNDECLARED_SELECTOR = YES;
				GCC_WARN_UNINITIALIZED_AUTOS = YES_AGGRESSIVE;
				GCC_WARN_UNUSED_FUNCTION = YES;
				GCC_WARN_UNUSED_VARIABLE = YES;
				IPHONEOS_DEPLOYMENT_TARGET = 13.4;
				MTL_ENABLE_DEBUG_INFO = NO;
				MTL_FAST_MATH = YES;
				SDKROOT = iphoneos;
				VALIDATE_PRODUCT = YES;
			};
			name = Release;
		};
		41C5B9872470AC3200446DB4 /* Debug */ = {
			isa = XCBuildConfiguration;
			baseConfigurationReference = 0670FE79D79167B2EE9B2D2F /* Pods-THKitProject.debug.xcconfig */;
			buildSettings = {
				ASSETCATALOG_COMPILER_APPICON_NAME = AppIcon;
				CODE_SIGN_STYLE = Automatic;
				DEVELOPMENT_TEAM = S8ZLJRFRG3;
				GCC_PREFIX_HEADER = "$(PROJECT_NAME)/Globle-pch.pch";
				INFOPLIST_FILE = THKitProject/Info.plist;
				IPHONEOS_DEPLOYMENT_TARGET = 9.0;
				LD_RUNPATH_SEARCH_PATHS = (
					"$(inherited)",
					"@executable_path/Frameworks",
				);
				MARKETING_VERSION = 1.0.0;
				PRODUCT_BUNDLE_IDENTIFIER = com.itonghui.THKitProject;
				PRODUCT_NAME = "$(TARGET_NAME)";
				TARGETED_DEVICE_FAMILY = "1,2";
			};
			name = Debug;
		};
		41C5B9882470AC3200446DB4 /* Release */ = {
			isa = XCBuildConfiguration;
			baseConfigurationReference = 078C8A25D8A8C030AEE3C339 /* Pods-THKitProject.release.xcconfig */;
			buildSettings = {
				ASSETCATALOG_COMPILER_APPICON_NAME = AppIcon;
				CODE_SIGN_STYLE = Automatic;
				DEVELOPMENT_TEAM = S8ZLJRFRG3;
				GCC_PREFIX_HEADER = "$(PROJECT_NAME)/Globle-pch.pch";
				INFOPLIST_FILE = THKitProject/Info.plist;
				IPHONEOS_DEPLOYMENT_TARGET = 9.0;
				LD_RUNPATH_SEARCH_PATHS = (
					"$(inherited)",
					"@executable_path/Frameworks",
				);
				MARKETING_VERSION = 1.0.0;
				PRODUCT_BUNDLE_IDENTIFIER = com.itonghui.THKitProject;
				PRODUCT_NAME = "$(TARGET_NAME)";
				TARGETED_DEVICE_FAMILY = "1,2";
			};
			name = Release;
		};
/* End XCBuildConfiguration section */

/* Begin XCConfigurationList section */
		41C5B9682470AC2500446DB4 /* Build configuration list for PBXProject "THKitProject" */ = {
			isa = XCConfigurationList;
			buildConfigurations = (
				41C5B9842470AC3200446DB4 /* Debug */,
				41C5B9852470AC3200446DB4 /* Release */,
			);
			defaultConfigurationIsVisible = 0;
			defaultConfigurationName = Release;
		};
		41C5B9862470AC3200446DB4 /* Build configuration list for PBXNativeTarget "THKitProject" */ = {
			isa = XCConfigurationList;
			buildConfigurations = (
				41C5B9872470AC3200446DB4 /* Debug */,
				41C5B9882470AC3200446DB4 /* Release */,
			);
			defaultConfigurationIsVisible = 0;
			defaultConfigurationName = Release;
		};
/* End XCConfigurationList section */
	};
	rootObject = 41C5B9652470AC2500446DB4 /* Project object */;
}
